// !$*UTF8*$!
{
	archiveVersion = 1;
	classes = {
	};
	objectVersion = 46;
	objects = {

/* Begin PBXBuildFile section */
		026CF86B8E5DE58987E03F04 /* ofxLetterTextObject.cpp in Sources */ = {isa = PBXBuildFile; fileRef = E1B8E0989DC53B6FDEFD880F /* ofxLetterTextObject.cpp */; };
		0582076D75617CEFE6DA8FA7 /* ofxAnimation.cpp in Sources */ = {isa = PBXBuildFile; fileRef = F29736B722EF53C94B796455 /* ofxAnimation.cpp */; };
		0C37599CCC1E63C7BE2E2105 /* ofxArcObject.cpp in Sources */ = {isa = PBXBuildFile; fileRef = A1629FBCD3B4615F4A2976C9 /* ofxArcObject.cpp */; };
		1C2B07AC4DA9F3A0EC64F202 /* emptyApp.cpp in Sources */ = {isa = PBXBuildFile; fileRef = 5E40FF6F0A017C9E3805D91B /* emptyApp.cpp */; };
		21DAD12BABF8B9E239830BB4 /* ofxAVFVideoPlayer.mm in Sources */ = {isa = PBXBuildFile; fileRef = 2E95B15DF712620D3240F89F /* ofxAVFVideoPlayer.mm */; };
		221B029F063CA0CA3B5BFA4D /* myGrid.cpp in Sources */ = {isa = PBXBuildFile; fileRef = B47CF9AFCBA5AECF14B949A2 /* myGrid.cpp */; };
		2B052435E993A39D37D8A86A /* ofxVideoPlayerObject.cpp in Sources */ = {isa = PBXBuildFile; fileRef = CA024A37D2F32E9BD9303AFF /* ofxVideoPlayerObject.cpp */; };
		45F62755794E24120E98A392 /* ofxImageObject.cpp in Sources */ = {isa = PBXBuildFile; fileRef = 25C6BC72FF8D6754CAE83DC8 /* ofxImageObject.cpp */; };
		536FB248FF2F7E406A0BB739 /* ofxScroller.cpp in Sources */ = {isa = PBXBuildFile; fileRef = 1164F6A838318D31E52B965E /* ofxScroller.cpp */; };
		597431DB068704AD793C0905 /* ofxTextObject.cpp in Sources */ = {isa = PBXBuildFile; fileRef = F9C0A3AB8BF5A997501714BA /* ofxTextObject.cpp */; };
		61C270E06409BB631149E898 /* ofxDynamicPolygonObject.cpp in Sources */ = {isa = PBXBuildFile; fileRef = 75499A595561C0C909A47EAF /* ofxDynamicPolygonObject.cpp */; };
		646E94320D0CAE07B2781DEA /* ofxPolygonObject.cpp in Sources */ = {isa = PBXBuildFile; fileRef = 944B8C76739E9A48F55A3D87 /* ofxPolygonObject.cpp */; };
		6720CB17BB1F777BD86119BD /* ofxLineStripObject.cpp in Sources */ = {isa = PBXBuildFile; fileRef = 4B3C08DA1472903A091C3A21 /* ofxLineStripObject.cpp */; };
		68FBC9C1A8949F60A46F3944 /* ofxTextureObject.cpp in Sources */ = {isa = PBXBuildFile; fileRef = 29B19B68B883EFAA5140D626 /* ofxTextureObject.cpp */; };
		705C1D079461CD39C68403C9 /* ofxRectangleObject.cpp in Sources */ = {isa = PBXBuildFile; fileRef = 974CD16737E412FEE81C675A /* ofxRectangleObject.cpp */; };
		8947BB2A7B0ED26558985B9E /* ofxFboObject.cpp in Sources */ = {isa = PBXBuildFile; fileRef = D270925B75974A566DDAFF49 /* ofxFboObject.cpp */; };
		8F9FB5420679D5365862DAAC /* ofxSosoRenderer.cpp in Sources */ = {isa = PBXBuildFile; fileRef = 88FB5C3CC3C4C7DA62C30A11 /* ofxSosoRenderer.cpp */; };
		91B593777257DB70E164FF45 /* ofxAVFVideoRenderer.m in Sources */ = {isa = PBXBuildFile; fileRef = 8108187032DBD941B044739A /* ofxAVFVideoRenderer.m */; };
		96CAC5B63BE24884A7650D51 /* ofxCircleObject.cpp in Sources */ = {isa = PBXBuildFile; fileRef = 336D68991F3451CD6636E4E6 /* ofxCircleObject.cpp */; };
		99092BF9204CB9B8061311F8 /* ofxRoundedArcObject.cpp in Sources */ = {isa = PBXBuildFile; fileRef = 773AE73291FA8EF122C30BA1 /* ofxRoundedArcObject.cpp */; };
		9A596E0751B532824F345053 /* ofxMessage.cpp in Sources */ = {isa = PBXBuildFile; fileRef = ACA28868A409168B17A704D5 /* ofxMessage.cpp */; };
		A5246968290699ED6AF4B3D5 /* ofxGridSystem.cpp in Sources */ = {isa = PBXBuildFile; fileRef = 3003CCBCA991B6E46E7F0FD7 /* ofxGridSystem.cpp */; };
		B0CEF4C0826C2090ECF04681 /* ofxStateMachine.cpp in Sources */ = {isa = PBXBuildFile; fileRef = 5A2A550BBA1D447BD4E6CCB6 /* ofxStateMachine.cpp */; };
		B7D9CC22C351CF45AC9C5C95 /* ofxScene.cpp in Sources */ = {isa = PBXBuildFile; fileRef = BCD48F72590D5029F6154F54 /* ofxScene.cpp */; };
		B87D5591C5CDABB37D6695BD /* ofxObject.cpp in Sources */ = {isa = PBXBuildFile; fileRef = CC1833E213C2C4A1E47DFD65 /* ofxObject.cpp */; };
		B8EB0219666AA8FFB95857FE /* ofxQuadStripObject.cpp in Sources */ = {isa = PBXBuildFile; fileRef = 18CEFEAF8B9335458C193C11 /* ofxQuadStripObject.cpp */; };
		C5011EF6997C1099FC26CC1B /* ofxLineSegmentObject.cpp in Sources */ = {isa = PBXBuildFile; fileRef = 71476C1B02BAEFF003D83DFB /* ofxLineSegmentObject.cpp */; };
		DECE37CB3668FCE5D210E34A /* ofxSosoTrueTypeFont.cpp in Sources */ = {isa = PBXBuildFile; fileRef = 80897F89549F3B92332DE157 /* ofxSosoTrueTypeFont.cpp */; };
		E4B69E200A3A1BDC003C02F2 /* main.cpp in Sources */ = {isa = PBXBuildFile; fileRef = E4B69E1D0A3A1BDC003C02F2 /* main.cpp */; };
/* End PBXBuildFile section */

/* Begin PBXCopyFilesBuildPhase section */
		E4C2427710CC5ABF004149E2 /* CopyFiles */ = {
			isa = PBXCopyFilesBuildPhase;
			buildActionMask = 2147483647;
			dstPath = "";
			dstSubfolderSpec = 10;
			files = (
			);
			runOnlyForDeploymentPostprocessing = 0;
		};
/* End PBXCopyFilesBuildPhase section */

/* Begin PBXFileReference section */
		02F94DB9B28278CE52047F76 /* ofxCircleObject.h */ = {isa = PBXFileReference; explicitFileType = sourcecode.c.h; fileEncoding = 4; name = ofxCircleObject.h; path = ../../../../addons/ofxSoso/src/ofxCircleObject.h; sourceTree = SOURCE_ROOT; };
		0AF707443C13F3A04AF8925F /* ofxAVFVideoPlayer.h */ = {isa = PBXFileReference; explicitFileType = sourcecode.c.h; fileEncoding = 4; name = ofxAVFVideoPlayer.h; path = ../../../../addons/ofxAVFVideoPlayer/src/ofxAVFVideoPlayer.h; sourceTree = SOURCE_ROOT; };
		1164F6A838318D31E52B965E /* ofxScroller.cpp */ = {isa = PBXFileReference; explicitFileType = sourcecode.cpp.cpp; fileEncoding = 4; name = ofxScroller.cpp; path = ../../../../addons/ofxSoso/src/ofxScroller.cpp; sourceTree = SOURCE_ROOT; };
		18CEFEAF8B9335458C193C11 /* ofxQuadStripObject.cpp */ = {isa = PBXFileReference; explicitFileType = sourcecode.cpp.cpp; fileEncoding = 4; name = ofxQuadStripObject.cpp; path = ../../../../addons/ofxSoso/src/ofxQuadStripObject.cpp; sourceTree = SOURCE_ROOT; };
		25C6BC72FF8D6754CAE83DC8 /* ofxImageObject.cpp */ = {isa = PBXFileReference; explicitFileType = sourcecode.cpp.cpp; fileEncoding = 4; name = ofxImageObject.cpp; path = ../../../../addons/ofxSoso/src/ofxImageObject.cpp; sourceTree = SOURCE_ROOT; };
		29B19B68B883EFAA5140D626 /* ofxTextureObject.cpp */ = {isa = PBXFileReference; explicitFileType = sourcecode.cpp.cpp; fileEncoding = 4; name = ofxTextureObject.cpp; path = ../../../../addons/ofxSoso/src/ofxTextureObject.cpp; sourceTree = SOURCE_ROOT; };
		2E95B15DF712620D3240F89F /* ofxAVFVideoPlayer.mm */ = {isa = PBXFileReference; explicitFileType = sourcecode.cpp.objcpp; fileEncoding = 4; name = ofxAVFVideoPlayer.mm; path = ../../../../addons/ofxAVFVideoPlayer/src/ofxAVFVideoPlayer.mm; sourceTree = SOURCE_ROOT; };
		3003CCBCA991B6E46E7F0FD7 /* ofxGridSystem.cpp */ = {isa = PBXFileReference; explicitFileType = sourcecode.cpp.cpp; fileEncoding = 4; name = ofxGridSystem.cpp; path = ../../../../addons/ofxSoso/src/ofxGridSystem.cpp; sourceTree = SOURCE_ROOT; };
		3029396B5BD1BBF563E24BC8 /* ofxMessage.h */ = {isa = PBXFileReference; explicitFileType = sourcecode.c.h; fileEncoding = 4; name = ofxMessage.h; path = ../../../../addons/ofxSoso/src/ofxMessage.h; sourceTree = SOURCE_ROOT; };
		333D27F42B35870AD4856F29 /* ofxImageObject.h */ = {isa = PBXFileReference; explicitFileType = sourcecode.c.h; fileEncoding = 4; name = ofxImageObject.h; path = ../../../../addons/ofxSoso/src/ofxImageObject.h; sourceTree = SOURCE_ROOT; };
		336D68991F3451CD6636E4E6 /* ofxCircleObject.cpp */ = {isa = PBXFileReference; explicitFileType = sourcecode.cpp.cpp; fileEncoding = 4; name = ofxCircleObject.cpp; path = ../../../../addons/ofxSoso/src/ofxCircleObject.cpp; sourceTree = SOURCE_ROOT; };
		3673633BED9422023D2A8C4A /* ofxLineSegmentObject.h */ = {isa = PBXFileReference; explicitFileType = sourcecode.c.h; fileEncoding = 4; name = ofxLineSegmentObject.h; path = ../../../../addons/ofxSoso/src/ofxLineSegmentObject.h; sourceTree = SOURCE_ROOT; };
		3D2F0AE2706DC664D2301724 /* ofxRectangleObject.h */ = {isa = PBXFileReference; explicitFileType = sourcecode.c.h; fileEncoding = 4; name = ofxRectangleObject.h; path = ../../../../addons/ofxSoso/src/ofxRectangleObject.h; sourceTree = SOURCE_ROOT; };
		402CD85B7C6B2EBB86EC8EA6 /* ofxAnimation.h */ = {isa = PBXFileReference; explicitFileType = sourcecode.c.h; fileEncoding = 4; name = ofxAnimation.h; path = ../../../../addons/ofxSoso/src/ofxAnimation.h; sourceTree = SOURCE_ROOT; };
		41C4BA011B579A81F3EC2040 /* ofxVideoPlayerObject.h */ = {isa = PBXFileReference; explicitFileType = sourcecode.c.h; fileEncoding = 4; name = ofxVideoPlayerObject.h; path = ../../../../addons/ofxSoso/src/ofxVideoPlayerObject.h; sourceTree = SOURCE_ROOT; };
		4825CD361E293C6C1AF9D132 /* ofxObject.h */ = {isa = PBXFileReference; explicitFileType = sourcecode.c.h; fileEncoding = 4; name = ofxObject.h; path = ../../../../addons/ofxSoso/src/ofxObject.h; sourceTree = SOURCE_ROOT; };
		4B3C08DA1472903A091C3A21 /* ofxLineStripObject.cpp */ = {isa = PBXFileReference; explicitFileType = sourcecode.cpp.cpp; fileEncoding = 4; name = ofxLineStripObject.cpp; path = ../../../../addons/ofxSoso/src/ofxLineStripObject.cpp; sourceTree = SOURCE_ROOT; };
		4DCE4BD20B32A57DEF82B9CD /* ofxDynamicPolygonObject.h */ = {isa = PBXFileReference; explicitFileType = sourcecode.c.h; fileEncoding = 4; name = ofxDynamicPolygonObject.h; path = ../../../../addons/ofxSoso/src/ofxDynamicPolygonObject.h; sourceTree = SOURCE_ROOT; };
		536F3A8A15213856925229E3 /* ofxPolygonObject.h */ = {isa = PBXFileReference; explicitFileType = sourcecode.c.h; fileEncoding = 4; name = ofxPolygonObject.h; path = ../../../../addons/ofxSoso/src/ofxPolygonObject.h; sourceTree = SOURCE_ROOT; };
		5904011353731E304979B098 /* ofxRoundedArcObject.h */ = {isa = PBXFileReference; explicitFileType = sourcecode.c.h; fileEncoding = 4; name = ofxRoundedArcObject.h; path = ../../../../addons/ofxSoso/src/ofxRoundedArcObject.h; sourceTree = SOURCE_ROOT; };
		5A2A550BBA1D447BD4E6CCB6 /* ofxStateMachine.cpp */ = {isa = PBXFileReference; explicitFileType = sourcecode.cpp.cpp; fileEncoding = 4; name = ofxStateMachine.cpp; path = ../../../../addons/ofxSoso/src/ofxStateMachine.cpp; sourceTree = SOURCE_ROOT; };
		5D3F29FC09C4EA522DC3D8EB /* ofxLineStripObject.h */ = {isa = PBXFileReference; explicitFileType = sourcecode.c.h; fileEncoding = 4; name = ofxLineStripObject.h; path = ../../../../addons/ofxSoso/src/ofxLineStripObject.h; sourceTree = SOURCE_ROOT; };
		5E40FF6F0A017C9E3805D91B /* emptyApp.cpp */ = {isa = PBXFileReference; explicitFileType = sourcecode.cpp.cpp; fileEncoding = 4; name = emptyApp.cpp; path = src/emptyApp.cpp; sourceTree = SOURCE_ROOT; };
		679F7BED948E70EC1050C870 /* ofxTextObject.h */ = {isa = PBXFileReference; explicitFileType = sourcecode.c.h; fileEncoding = 4; name = ofxTextObject.h; path = ../../../../addons/ofxSoso/src/ofxTextObject.h; sourceTree = SOURCE_ROOT; };
		71476C1B02BAEFF003D83DFB /* ofxLineSegmentObject.cpp */ = {isa = PBXFileReference; explicitFileType = sourcecode.cpp.cpp; fileEncoding = 4; name = ofxLineSegmentObject.cpp; path = ../../../../addons/ofxSoso/src/ofxLineSegmentObject.cpp; sourceTree = SOURCE_ROOT; };
		75499A595561C0C909A47EAF /* ofxDynamicPolygonObject.cpp */ = {isa = PBXFileReference; explicitFileType = sourcecode.cpp.cpp; fileEncoding = 4; name = ofxDynamicPolygonObject.cpp; path = ../../../../addons/ofxSoso/src/ofxDynamicPolygonObject.cpp; sourceTree = SOURCE_ROOT; };
		773AE73291FA8EF122C30BA1 /* ofxRoundedArcObject.cpp */ = {isa = PBXFileReference; explicitFileType = sourcecode.cpp.cpp; fileEncoding = 4; name = ofxRoundedArcObject.cpp; path = ../../../../addons/ofxSoso/src/ofxRoundedArcObject.cpp; sourceTree = SOURCE_ROOT; };
		7F6E404548467047B94FC7D6 /* myGrid.h */ = {isa = PBXFileReference; explicitFileType = sourcecode.c.h; fileEncoding = 4; name = myGrid.h; path = src/myGrid.h; sourceTree = SOURCE_ROOT; };
		80897F89549F3B92332DE157 /* ofxSosoTrueTypeFont.cpp */ = {isa = PBXFileReference; explicitFileType = sourcecode.cpp.cpp; fileEncoding = 4; name = ofxSosoTrueTypeFont.cpp; path = ../../../../addons/ofxSoso/src/ofxSosoTrueTypeFont.cpp; sourceTree = SOURCE_ROOT; };
		8108187032DBD941B044739A /* ofxAVFVideoRenderer.m */ = {isa = PBXFileReference; explicitFileType = sourcecode.cpp.objcpp; fileEncoding = 4; name = ofxAVFVideoRenderer.m; path = ../../../../addons/ofxAVFVideoPlayer/src/ofxAVFVideoRenderer.m; sourceTree = SOURCE_ROOT; };
		88FB5C3CC3C4C7DA62C30A11 /* ofxSosoRenderer.cpp */ = {isa = PBXFileReference; explicitFileType = sourcecode.cpp.cpp; fileEncoding = 4; name = ofxSosoRenderer.cpp; path = ../../../../addons/ofxSoso/src/ofxSosoRenderer.cpp; sourceTree = SOURCE_ROOT; };
		8E39832BF22B1708A135AEAF /* ofxArcObject.h */ = {isa = PBXFileReference; explicitFileType = sourcecode.c.h; fileEncoding = 4; name = ofxArcObject.h; path = ../../../../addons/ofxSoso/src/ofxArcObject.h; sourceTree = SOURCE_ROOT; };
		910A9C041F0490A0B7776A85 /* ofxSosoRenderer.h */ = {isa = PBXFileReference; explicitFileType = sourcecode.c.h; fileEncoding = 4; name = ofxSosoRenderer.h; path = ../../../../addons/ofxSoso/src/ofxSosoRenderer.h; sourceTree = SOURCE_ROOT; };
		944B8C76739E9A48F55A3D87 /* ofxPolygonObject.cpp */ = {isa = PBXFileReference; explicitFileType = sourcecode.cpp.cpp; fileEncoding = 4; name = ofxPolygonObject.cpp; path = ../../../../addons/ofxSoso/src/ofxPolygonObject.cpp; sourceTree = SOURCE_ROOT; };
		974CD16737E412FEE81C675A /* ofxRectangleObject.cpp */ = {isa = PBXFileReference; explicitFileType = sourcecode.cpp.cpp; fileEncoding = 4; name = ofxRectangleObject.cpp; path = ../../../../addons/ofxSoso/src/ofxRectangleObject.cpp; sourceTree = SOURCE_ROOT; };
		9A138A95E6FB9D2D00C7E40D /* ofxGridSystem.h */ = {isa = PBXFileReference; explicitFileType = sourcecode.c.h; fileEncoding = 4; name = ofxGridSystem.h; path = ../../../../addons/ofxSoso/src/ofxGridSystem.h; sourceTree = SOURCE_ROOT; };
		A1629FBCD3B4615F4A2976C9 /* ofxArcObject.cpp */ = {isa = PBXFileReference; explicitFileType = sourcecode.cpp.cpp; fileEncoding = 4; name = ofxArcObject.cpp; path = ../../../../addons/ofxSoso/src/ofxArcObject.cpp; sourceTree = SOURCE_ROOT; };
		A8016EB18DD789148E47434C /* ofxStateMachine.h */ = {isa = PBXFileReference; explicitFileType = sourcecode.c.h; fileEncoding = 4; name = ofxStateMachine.h; path = ../../../../addons/ofxSoso/src/ofxStateMachine.h; sourceTree = SOURCE_ROOT; };
		AB06B672C13EB14F66B3590C /* ofxFboObject.h */ = {isa = PBXFileReference; explicitFileType = sourcecode.c.h; fileEncoding = 4; name = ofxFboObject.h; path = ../../../../addons/ofxSoso/src/ofxFboObject.h; sourceTree = SOURCE_ROOT; };
		AB6E485E84FD9B1F5148E381 /* ofxScene.h */ = {isa = PBXFileReference; explicitFileType = sourcecode.c.h; fileEncoding = 4; name = ofxScene.h; path = ../../../../addons/ofxSoso/src/ofxScene.h; sourceTree = SOURCE_ROOT; };
		ACA28868A409168B17A704D5 /* ofxMessage.cpp */ = {isa = PBXFileReference; explicitFileType = sourcecode.cpp.cpp; fileEncoding = 4; name = ofxMessage.cpp; path = ../../../../addons/ofxSoso/src/ofxMessage.cpp; sourceTree = SOURCE_ROOT; };
		B47CF9AFCBA5AECF14B949A2 /* myGrid.cpp */ = {isa = PBXFileReference; explicitFileType = sourcecode.cpp.cpp; fileEncoding = 4; name = myGrid.cpp; path = src/myGrid.cpp; sourceTree = SOURCE_ROOT; };
		BCD48F72590D5029F6154F54 /* ofxScene.cpp */ = {isa = PBXFileReference; explicitFileType = sourcecode.cpp.cpp; fileEncoding = 4; name = ofxScene.cpp; path = ../../../../addons/ofxSoso/src/ofxScene.cpp; sourceTree = SOURCE_ROOT; };
		C3AF64D4C898D60C5E0C40A4 /* ofxSosoTrueTypeFont.h */ = {isa = PBXFileReference; explicitFileType = sourcecode.c.h; fileEncoding = 4; name = ofxSosoTrueTypeFont.h; path = ../../../../addons/ofxSoso/src/ofxSosoTrueTypeFont.h; sourceTree = SOURCE_ROOT; };
		C590F18DC129F3FA0952569C /* ofxQuadStripObject.h */ = {isa = PBXFileReference; explicitFileType = sourcecode.c.h; fileEncoding = 4; name = ofxQuadStripObject.h; path = ../../../../addons/ofxSoso/src/ofxQuadStripObject.h; sourceTree = SOURCE_ROOT; };
		CA024A37D2F32E9BD9303AFF /* ofxVideoPlayerObject.cpp */ = {isa = PBXFileReference; explicitFileType = sourcecode.cpp.cpp; fileEncoding = 4; name = ofxVideoPlayerObject.cpp; path = ../../../../addons/ofxSoso/src/ofxVideoPlayerObject.cpp; sourceTree = SOURCE_ROOT; };
		CC1833E213C2C4A1E47DFD65 /* ofxObject.cpp */ = {isa = PBXFileReference; explicitFileType = sourcecode.cpp.cpp; fileEncoding = 4; name = ofxObject.cpp; path = ../../../../addons/ofxSoso/src/ofxObject.cpp; sourceTree = SOURCE_ROOT; };
		CF28E2F2514A748C70A46733 /* ofxScroller.h */ = {isa = PBXFileReference; explicitFileType = sourcecode.c.h; fileEncoding = 4; name = ofxScroller.h; path = ../../../../addons/ofxSoso/src/ofxScroller.h; sourceTree = SOURCE_ROOT; };
		D270925B75974A566DDAFF49 /* ofxFboObject.cpp */ = {isa = PBXFileReference; explicitFileType = sourcecode.cpp.cpp; fileEncoding = 4; name = ofxFboObject.cpp; path = ../../../../addons/ofxSoso/src/ofxFboObject.cpp; sourceTree = SOURCE_ROOT; };
		DB3C57B7D0CFD4018ECA8EEE /* ofxAVFVideoRenderer.h */ = {isa = PBXFileReference; explicitFileType = sourcecode.c.h; fileEncoding = 4; name = ofxAVFVideoRenderer.h; path = ../../../../addons/ofxAVFVideoPlayer/src/ofxAVFVideoRenderer.h; sourceTree = SOURCE_ROOT; };
		DBA168034BF49F632FA80C41 /* ofxLetterTextObject.h */ = {isa = PBXFileReference; explicitFileType = sourcecode.c.h; fileEncoding = 4; name = ofxLetterTextObject.h; path = ../../../../addons/ofxSoso/src/ofxLetterTextObject.h; sourceTree = SOURCE_ROOT; };
		DEEE4C7F10BBB847A31D392A /* ofxTextureObject.h */ = {isa = PBXFileReference; explicitFileType = sourcecode.c.h; fileEncoding = 4; name = ofxTextureObject.h; path = ../../../../addons/ofxSoso/src/ofxTextureObject.h; sourceTree = SOURCE_ROOT; };
		E1B8E0989DC53B6FDEFD880F /* ofxLetterTextObject.cpp */ = {isa = PBXFileReference; explicitFileType = sourcecode.cpp.cpp; fileEncoding = 4; name = ofxLetterTextObject.cpp; path = ../../../../addons/ofxSoso/src/ofxLetterTextObject.cpp; sourceTree = SOURCE_ROOT; };
		E42962AC2163EDD300A6A9E2 /* ofCamera.cpp */ = {isa = PBXFileReference; lastKnownFileType = sourcecode.cpp.cpp; name = ofCamera.cpp; path = ../../../../libs/openFrameworks/3d/ofCamera.cpp; sourceTree = SOURCE_ROOT; };
		E42962AD2163EDD300A6A9E2 /* ofMesh.h */ = {isa = PBXFileReference; lastKnownFileType = sourcecode.c.h; name = ofMesh.h; path = ../../../../libs/openFrameworks/3d/ofMesh.h; sourceTree = SOURCE_ROOT; };
		E42962AE2163EDD300A6A9E2 /* ofNode.h */ = {isa = PBXFileReference; lastKnownFileType = sourcecode.c.h; name = ofNode.h; path = ../../../../libs/openFrameworks/3d/ofNode.h; sourceTree = SOURCE_ROOT; };
		E42962AF2163EDD300A6A9E2 /* ofNode.cpp */ = {isa = PBXFileReference; lastKnownFileType = sourcecode.cpp.cpp; name = ofNode.cpp; path = ../../../../libs/openFrameworks/3d/ofNode.cpp; sourceTree = SOURCE_ROOT; };
		E42962B02163EDD300A6A9E2 /* of3dPrimitives.cpp */ = {isa = PBXFileReference; lastKnownFileType = sourcecode.cpp.cpp; name = of3dPrimitives.cpp; path = ../../../../libs/openFrameworks/3d/of3dPrimitives.cpp; sourceTree = SOURCE_ROOT; };
		E42962B12163EDD300A6A9E2 /* of3dUtils.h */ = {isa = PBXFileReference; lastKnownFileType = sourcecode.c.h; name = of3dUtils.h; path = ../../../../libs/openFrameworks/3d/of3dUtils.h; sourceTree = SOURCE_ROOT; };
		E42962B22163EDD300A6A9E2 /* ofEasyCam.cpp */ = {isa = PBXFileReference; lastKnownFileType = sourcecode.cpp.cpp; name = ofEasyCam.cpp; path = ../../../../libs/openFrameworks/3d/ofEasyCam.cpp; sourceTree = SOURCE_ROOT; };
		E42962B32163EDD300A6A9E2 /* ofCamera.h */ = {isa = PBXFileReference; lastKnownFileType = sourcecode.c.h; name = ofCamera.h; path = ../../../../libs/openFrameworks/3d/ofCamera.h; sourceTree = SOURCE_ROOT; };
		E42962B42163EDD300A6A9E2 /* ofMesh.inl */ = {isa = PBXFileReference; lastKnownFileType = text; name = ofMesh.inl; path = ../../../../libs/openFrameworks/3d/ofMesh.inl; sourceTree = SOURCE_ROOT; };
		E42962B52163EDD300A6A9E2 /* of3dUtils.cpp */ = {isa = PBXFileReference; lastKnownFileType = sourcecode.cpp.cpp; name = of3dUtils.cpp; path = ../../../../libs/openFrameworks/3d/of3dUtils.cpp; sourceTree = SOURCE_ROOT; };
		E42962B62163EDD300A6A9E2 /* of3dPrimitives.h */ = {isa = PBXFileReference; lastKnownFileType = sourcecode.c.h; name = of3dPrimitives.h; path = ../../../../libs/openFrameworks/3d/of3dPrimitives.h; sourceTree = SOURCE_ROOT; };
		E42962B72163EDD300A6A9E2 /* ofEasyCam.h */ = {isa = PBXFileReference; lastKnownFileType = sourcecode.c.h; name = ofEasyCam.h; path = ../../../../libs/openFrameworks/3d/ofEasyCam.h; sourceTree = SOURCE_ROOT; };
		E42962BA2163EDD300A6A9E2 /* ofAVFoundationGrabber.h */ = {isa = PBXFileReference; lastKnownFileType = sourcecode.c.h; name = ofAVFoundationGrabber.h; path = ../../../../libs/openFrameworks/video/ofAVFoundationGrabber.h; sourceTree = SOURCE_ROOT; };
		E42962BB2163EDD300A6A9E2 /* ofVideoPlayer.h */ = {isa = PBXFileReference; lastKnownFileType = sourcecode.c.h; name = ofVideoPlayer.h; path = ../../../../libs/openFrameworks/video/ofVideoPlayer.h; sourceTree = SOURCE_ROOT; };
		E42962BC2163EDD300A6A9E2 /* ofAVFoundationPlayer.h */ = {isa = PBXFileReference; lastKnownFileType = sourcecode.c.h; name = ofAVFoundationPlayer.h; path = ../../../../libs/openFrameworks/video/ofAVFoundationPlayer.h; sourceTree = SOURCE_ROOT; };
		E42962BD2163EDD300A6A9E2 /* ofQtUtils.cpp */ = {isa = PBXFileReference; lastKnownFileType = sourcecode.cpp.cpp; name = ofQtUtils.cpp; path = ../../../../libs/openFrameworks/video/ofQtUtils.cpp; sourceTree = SOURCE_ROOT; };
		E42962BE2163EDD300A6A9E2 /* ofQTKitGrabber.mm */ = {isa = PBXFileReference; lastKnownFileType = sourcecode.cpp.objcpp; name = ofQTKitGrabber.mm; path = ../../../../libs/openFrameworks/video/ofQTKitGrabber.mm; sourceTree = SOURCE_ROOT; };
		E42962BF2163EDD300A6A9E2 /* ofQuickTimeGrabber.cpp */ = {isa = PBXFileReference; lastKnownFileType = sourcecode.cpp.cpp; name = ofQuickTimeGrabber.cpp; path = ../../../../libs/openFrameworks/video/ofQuickTimeGrabber.cpp; sourceTree = SOURCE_ROOT; };
		E42962C12163EDD300A6A9E2 /* ofAVFoundationVideoPlayer.h */ = {isa = PBXFileReference; lastKnownFileType = sourcecode.c.h; name = ofAVFoundationVideoPlayer.h; path = ../../../../libs/openFrameworks/video/ofAVFoundationVideoPlayer.h; sourceTree = SOURCE_ROOT; };
		E42962C22163EDD300A6A9E2 /* ofAVFoundationGrabber.mm */ = {isa = PBXFileReference; lastKnownFileType = sourcecode.cpp.objcpp; name = ofAVFoundationGrabber.mm; path = ../../../../libs/openFrameworks/video/ofAVFoundationGrabber.mm; sourceTree = SOURCE_ROOT; };
		E42962C32163EDD300A6A9E2 /* ofQTKitMovieRenderer.h */ = {isa = PBXFileReference; lastKnownFileType = sourcecode.c.h; name = ofQTKitMovieRenderer.h; path = ../../../../libs/openFrameworks/video/ofQTKitMovieRenderer.h; sourceTree = SOURCE_ROOT; };
		E42962C42163EDD300A6A9E2 /* ofVideoPlayer.cpp */ = {isa = PBXFileReference; lastKnownFileType = sourcecode.cpp.cpp; name = ofVideoPlayer.cpp; path = ../../../../libs/openFrameworks/video/ofVideoPlayer.cpp; sourceTree = SOURCE_ROOT; };
		E42962C52163EDD300A6A9E2 /* ofQTKitGrabber.h */ = {isa = PBXFileReference; lastKnownFileType = sourcecode.c.h; name = ofQTKitGrabber.h; path = ../../../../libs/openFrameworks/video/ofQTKitGrabber.h; sourceTree = SOURCE_ROOT; };
		E42962C72163EDD300A6A9E2 /* ofQuickTimeGrabber.h */ = {isa = PBXFileReference; lastKnownFileType = sourcecode.c.h; name = ofQuickTimeGrabber.h; path = ../../../../libs/openFrameworks/video/ofQuickTimeGrabber.h; sourceTree = SOURCE_ROOT; };
		E42962C92163EDD300A6A9E2 /* ofQuickTimePlayer.cpp */ = {isa = PBXFileReference; lastKnownFileType = sourcecode.cpp.cpp; name = ofQuickTimePlayer.cpp; path = ../../../../libs/openFrameworks/video/ofQuickTimePlayer.cpp; sourceTree = SOURCE_ROOT; };
		E42962CA2163EDD300A6A9E2 /* ofVideoGrabber.h */ = {isa = PBXFileReference; lastKnownFileType = sourcecode.c.h; name = ofVideoGrabber.h; path = ../../../../libs/openFrameworks/video/ofVideoGrabber.h; sourceTree = SOURCE_ROOT; };
		E42962CB2163EDD300A6A9E2 /* ofQTKitPlayer.h */ = {isa = PBXFileReference; lastKnownFileType = sourcecode.c.h; name = ofQTKitPlayer.h; path = ../../../../libs/openFrameworks/video/ofQTKitPlayer.h; sourceTree = SOURCE_ROOT; };
		E42962CD2163EDD300A6A9E2 /* ofQtUtils.h */ = {isa = PBXFileReference; lastKnownFileType = sourcecode.c.h; name = ofQtUtils.h; path = ../../../../libs/openFrameworks/video/ofQtUtils.h; sourceTree = SOURCE_ROOT; };
		E42962CE2163EDD300A6A9E2 /* ofAVFoundationPlayer.mm */ = {isa = PBXFileReference; lastKnownFileType = sourcecode.cpp.objcpp; name = ofAVFoundationPlayer.mm; path = ../../../../libs/openFrameworks/video/ofAVFoundationPlayer.mm; sourceTree = SOURCE_ROOT; };
		E42962CF2163EDD300A6A9E2 /* ofQuickTimePlayer.h */ = {isa = PBXFileReference; lastKnownFileType = sourcecode.c.h; name = ofQuickTimePlayer.h; path = ../../../../libs/openFrameworks/video/ofQuickTimePlayer.h; sourceTree = SOURCE_ROOT; };
		E42962D02163EDD300A6A9E2 /* ofVideoGrabber.cpp */ = {isa = PBXFileReference; lastKnownFileType = sourcecode.cpp.cpp; name = ofVideoGrabber.cpp; path = ../../../../libs/openFrameworks/video/ofVideoGrabber.cpp; sourceTree = SOURCE_ROOT; };
		E42962D52163EDD300A6A9E2 /* ofQTKitPlayer.mm */ = {isa = PBXFileReference; lastKnownFileType = sourcecode.cpp.objcpp; name = ofQTKitPlayer.mm; path = ../../../../libs/openFrameworks/video/ofQTKitPlayer.mm; sourceTree = SOURCE_ROOT; };
		E42962D62163EDD300A6A9E2 /* ofQTKitMovieRenderer.m */ = {isa = PBXFileReference; lastKnownFileType = sourcecode.c.objc; name = ofQTKitMovieRenderer.m; path = ../../../../libs/openFrameworks/video/ofQTKitMovieRenderer.m; sourceTree = SOURCE_ROOT; };
		E42962D72163EDD300A6A9E2 /* ofAVFoundationVideoPlayer.m */ = {isa = PBXFileReference; lastKnownFileType = sourcecode.c.objc; name = ofAVFoundationVideoPlayer.m; path = ../../../../libs/openFrameworks/video/ofAVFoundationVideoPlayer.m; sourceTree = SOURCE_ROOT; };
		E42962D92163EDD300A6A9E2 /* ofVideoBaseTypes.h */ = {isa = PBXFileReference; lastKnownFileType = sourcecode.c.h; name = ofVideoBaseTypes.h; path = ../../../../libs/openFrameworks/video/ofVideoBaseTypes.h; sourceTree = SOURCE_ROOT; };
		E42962DB2163EDD300A6A9E2 /* ofParameterGroup.h */ = {isa = PBXFileReference; lastKnownFileType = sourcecode.c.h; name = ofParameterGroup.h; path = ../../../../libs/openFrameworks/types/ofParameterGroup.h; sourceTree = SOURCE_ROOT; };
		E42962DC2163EDD300A6A9E2 /* ofColor.h */ = {isa = PBXFileReference; lastKnownFileType = sourcecode.c.h; name = ofColor.h; path = ../../../../libs/openFrameworks/types/ofColor.h; sourceTree = SOURCE_ROOT; };
		E42962DD2163EDD300A6A9E2 /* ofRectangle.cpp */ = {isa = PBXFileReference; lastKnownFileType = sourcecode.cpp.cpp; name = ofRectangle.cpp; path = ../../../../libs/openFrameworks/types/ofRectangle.cpp; sourceTree = SOURCE_ROOT; };
		E42962DE2163EDD300A6A9E2 /* ofPoint.h */ = {isa = PBXFileReference; lastKnownFileType = sourcecode.c.h; name = ofPoint.h; path = ../../../../libs/openFrameworks/types/ofPoint.h; sourceTree = SOURCE_ROOT; };
		E42962DF2163EDD300A6A9E2 /* ofTypes.h */ = {isa = PBXFileReference; lastKnownFileType = sourcecode.c.h; name = ofTypes.h; path = ../../../../libs/openFrameworks/types/ofTypes.h; sourceTree = SOURCE_ROOT; };
		E42962E02163EDD300A6A9E2 /* ofRectangle.h */ = {isa = PBXFileReference; lastKnownFileType = sourcecode.c.h; name = ofRectangle.h; path = ../../../../libs/openFrameworks/types/ofRectangle.h; sourceTree = SOURCE_ROOT; };
		E42962E12163EDD300A6A9E2 /* ofBaseTypes.cpp */ = {isa = PBXFileReference; lastKnownFileType = sourcecode.cpp.cpp; name = ofBaseTypes.cpp; path = ../../../../libs/openFrameworks/types/ofBaseTypes.cpp; sourceTree = SOURCE_ROOT; };
		E42962E22163EDD300A6A9E2 /* ofParameterGroup.cpp */ = {isa = PBXFileReference; lastKnownFileType = sourcecode.cpp.cpp; name = ofParameterGroup.cpp; path = ../../../../libs/openFrameworks/types/ofParameterGroup.cpp; sourceTree = SOURCE_ROOT; };
		E42962E32163EDD300A6A9E2 /* ofParameter.h */ = {isa = PBXFileReference; lastKnownFileType = sourcecode.c.h; name = ofParameter.h; path = ../../../../libs/openFrameworks/types/ofParameter.h; sourceTree = SOURCE_ROOT; };
		E42962E42163EDD300A6A9E2 /* ofColor.cpp */ = {isa = PBXFileReference; lastKnownFileType = sourcecode.cpp.cpp; name = ofColor.cpp; path = ../../../../libs/openFrameworks/types/ofColor.cpp; sourceTree = SOURCE_ROOT; };
		E42962E52163EDD300A6A9E2 /* ofParameter.cpp */ = {isa = PBXFileReference; lastKnownFileType = sourcecode.cpp.cpp; name = ofParameter.cpp; path = ../../../../libs/openFrameworks/types/ofParameter.cpp; sourceTree = SOURCE_ROOT; };
		E42962E62163EDD300A6A9E2 /* ofBaseTypes.h */ = {isa = PBXFileReference; lastKnownFileType = sourcecode.c.h; name = ofBaseTypes.h; path = ../../../../libs/openFrameworks/types/ofBaseTypes.h; sourceTree = SOURCE_ROOT; };
		E42962E82163EDD300A6A9E2 /* ofMainLoop.h */ = {isa = PBXFileReference; lastKnownFileType = sourcecode.c.h; name = ofMainLoop.h; path = ../../../../libs/openFrameworks/app/ofMainLoop.h; sourceTree = SOURCE_ROOT; };
		E42962E92163EDD300A6A9E2 /* ofBaseApp.cpp */ = {isa = PBXFileReference; lastKnownFileType = sourcecode.cpp.cpp; name = ofBaseApp.cpp; path = ../../../../libs/openFrameworks/app/ofBaseApp.cpp; sourceTree = SOURCE_ROOT; };
		E42962EA2163EDD300A6A9E2 /* ofAppGlutWindow.cpp */ = {isa = PBXFileReference; lastKnownFileType = sourcecode.cpp.cpp; name = ofAppGlutWindow.cpp; path = ../../../../libs/openFrameworks/app/ofAppGlutWindow.cpp; sourceTree = SOURCE_ROOT; };
		E42962EB2163EDD300A6A9E2 /* ofWindowSettings.h */ = {isa = PBXFileReference; lastKnownFileType = sourcecode.c.h; name = ofWindowSettings.h; path = ../../../../libs/openFrameworks/app/ofWindowSettings.h; sourceTree = SOURCE_ROOT; };
		E42962EC2163EDD300A6A9E2 /* ofAppEGLWindow.cpp */ = {isa = PBXFileReference; lastKnownFileType = sourcecode.cpp.cpp; name = ofAppEGLWindow.cpp; path = ../../../../libs/openFrameworks/app/ofAppEGLWindow.cpp; sourceTree = SOURCE_ROOT; };
		E42962ED2163EDD300A6A9E2 /* ofAppBaseWindow.h */ = {isa = PBXFileReference; lastKnownFileType = sourcecode.c.h; name = ofAppBaseWindow.h; path = ../../../../libs/openFrameworks/app/ofAppBaseWindow.h; sourceTree = SOURCE_ROOT; };
		E42962EE2163EDD300A6A9E2 /* ofIcon.h */ = {isa = PBXFileReference; lastKnownFileType = sourcecode.c.h; name = ofIcon.h; path = ../../../../libs/openFrameworks/app/ofIcon.h; sourceTree = SOURCE_ROOT; };
		E42962EF2163EDD300A6A9E2 /* ofAppNoWindow.h */ = {isa = PBXFileReference; lastKnownFileType = sourcecode.c.h; name = ofAppNoWindow.h; path = ../../../../libs/openFrameworks/app/ofAppNoWindow.h; sourceTree = SOURCE_ROOT; };
		E42962F02163EDD300A6A9E2 /* ofBaseApp.h */ = {isa = PBXFileReference; lastKnownFileType = sourcecode.c.h; name = ofBaseApp.h; path = ../../../../libs/openFrameworks/app/ofBaseApp.h; sourceTree = SOURCE_ROOT; };
		E42962F12163EDD300A6A9E2 /* ofAppEGLWindow.h */ = {isa = PBXFileReference; lastKnownFileType = sourcecode.c.h; name = ofAppEGLWindow.h; path = ../../../../libs/openFrameworks/app/ofAppEGLWindow.h; sourceTree = SOURCE_ROOT; };
		E42962F22163EDD300A6A9E2 /* ofMainLoop.cpp */ = {isa = PBXFileReference; lastKnownFileType = sourcecode.cpp.cpp; name = ofMainLoop.cpp; path = ../../../../libs/openFrameworks/app/ofMainLoop.cpp; sourceTree = SOURCE_ROOT; };
		E42962F32163EDD300A6A9E2 /* ofAppRunner.h */ = {isa = PBXFileReference; lastKnownFileType = sourcecode.c.h; name = ofAppRunner.h; path = ../../../../libs/openFrameworks/app/ofAppRunner.h; sourceTree = SOURCE_ROOT; };
		E42962F42163EDD300A6A9E2 /* ofAppNoWindow.cpp */ = {isa = PBXFileReference; lastKnownFileType = sourcecode.cpp.cpp; name = ofAppNoWindow.cpp; path = ../../../../libs/openFrameworks/app/ofAppNoWindow.cpp; sourceTree = SOURCE_ROOT; };
		E42962F52163EDD300A6A9E2 /* ofAppGLFWWindow.cpp */ = {isa = PBXFileReference; lastKnownFileType = sourcecode.cpp.cpp; name = ofAppGLFWWindow.cpp; path = ../../../../libs/openFrameworks/app/ofAppGLFWWindow.cpp; sourceTree = SOURCE_ROOT; };
		E42962F62163EDD300A6A9E2 /* ofAppGlutWindow.h */ = {isa = PBXFileReference; lastKnownFileType = sourcecode.c.h; name = ofAppGlutWindow.h; path = ../../../../libs/openFrameworks/app/ofAppGlutWindow.h; sourceTree = SOURCE_ROOT; };
		E42962F72163EDD300A6A9E2 /* ofAppRunner.cpp */ = {isa = PBXFileReference; lastKnownFileType = sourcecode.cpp.cpp; name = ofAppRunner.cpp; path = ../../../../libs/openFrameworks/app/ofAppRunner.cpp; sourceTree = SOURCE_ROOT; };
		E42962F82163EDD300A6A9E2 /* ofAppGLFWWindow.h */ = {isa = PBXFileReference; lastKnownFileType = sourcecode.c.h; name = ofAppGLFWWindow.h; path = ../../../../libs/openFrameworks/app/ofAppGLFWWindow.h; sourceTree = SOURCE_ROOT; };
		E42962F92163EDD300A6A9E2 /* ofMain.h */ = {isa = PBXFileReference; lastKnownFileType = sourcecode.c.h; name = ofMain.h; path = ../../../../libs/openFrameworks/ofMain.h; sourceTree = SOURCE_ROOT; };
		E42962FB2163EDD300A6A9E2 /* ofThreadChannel.h */ = {isa = PBXFileReference; lastKnownFileType = sourcecode.c.h; name = ofThreadChannel.h; path = ../../../../libs/openFrameworks/utils/ofThreadChannel.h; sourceTree = SOURCE_ROOT; };
		E42962FC2163EDD300A6A9E2 /* ofThread.cpp */ = {isa = PBXFileReference; lastKnownFileType = sourcecode.cpp.cpp; name = ofThread.cpp; path = ../../../../libs/openFrameworks/utils/ofThread.cpp; sourceTree = SOURCE_ROOT; };
		E42962FD2163EDD300A6A9E2 /* ofFpsCounter.cpp */ = {isa = PBXFileReference; lastKnownFileType = sourcecode.cpp.cpp; name = ofFpsCounter.cpp; path = ../../../../libs/openFrameworks/utils/ofFpsCounter.cpp; sourceTree = SOURCE_ROOT; };
		E42962FE2163EDD300A6A9E2 /* ofURLFileLoader.cpp */ = {isa = PBXFileReference; lastKnownFileType = sourcecode.cpp.cpp; name = ofURLFileLoader.cpp; path = ../../../../libs/openFrameworks/utils/ofURLFileLoader.cpp; sourceTree = SOURCE_ROOT; };
		E42962FF2163EDD300A6A9E2 /* ofConstants.h */ = {isa = PBXFileReference; lastKnownFileType = sourcecode.c.h; name = ofConstants.h; path = ../../../../libs/openFrameworks/utils/ofConstants.h; sourceTree = SOURCE_ROOT; };
		E42963002163EDD300A6A9E2 /* ofXml.h */ = {isa = PBXFileReference; lastKnownFileType = sourcecode.c.h; name = ofXml.h; path = ../../../../libs/openFrameworks/utils/ofXml.h; sourceTree = SOURCE_ROOT; };
		E42963012163EDD300A6A9E2 /* ofFpsCounter.h */ = {isa = PBXFileReference; lastKnownFileType = sourcecode.c.h; name = ofFpsCounter.h; path = ../../../../libs/openFrameworks/utils/ofFpsCounter.h; sourceTree = SOURCE_ROOT; };
		E42963022163EDD300A6A9E2 /* ofLog.h */ = {isa = PBXFileReference; lastKnownFileType = sourcecode.c.h; name = ofLog.h; path = ../../../../libs/openFrameworks/utils/ofLog.h; sourceTree = SOURCE_ROOT; };
		E42963032163EDD300A6A9E2 /* ofSystemUtils.h */ = {isa = PBXFileReference; lastKnownFileType = sourcecode.c.h; name = ofSystemUtils.h; path = ../../../../libs/openFrameworks/utils/ofSystemUtils.h; sourceTree = SOURCE_ROOT; };
		E42963042163EDD300A6A9E2 /* ofSystemUtils.cpp */ = {isa = PBXFileReference; lastKnownFileType = sourcecode.cpp.cpp; name = ofSystemUtils.cpp; path = ../../../../libs/openFrameworks/utils/ofSystemUtils.cpp; sourceTree = SOURCE_ROOT; };
		E42963052163EDD300A6A9E2 /* ofUtils.h */ = {isa = PBXFileReference; lastKnownFileType = sourcecode.c.h; name = ofUtils.h; path = ../../../../libs/openFrameworks/utils/ofUtils.h; sourceTree = SOURCE_ROOT; };
		E42963062163EDD300A6A9E2 /* ofNoise.h */ = {isa = PBXFileReference; lastKnownFileType = sourcecode.c.h; name = ofNoise.h; path = ../../../../libs/openFrameworks/utils/ofNoise.h; sourceTree = SOURCE_ROOT; };
		E42963072163EDD300A6A9E2 /* ofLog.cpp */ = {isa = PBXFileReference; lastKnownFileType = sourcecode.cpp.cpp; name = ofLog.cpp; path = ../../../../libs/openFrameworks/utils/ofLog.cpp; sourceTree = SOURCE_ROOT; };
		E42963082163EDD300A6A9E2 /* ofTimer.cpp */ = {isa = PBXFileReference; lastKnownFileType = sourcecode.cpp.cpp; name = ofTimer.cpp; path = ../../../../libs/openFrameworks/utils/ofTimer.cpp; sourceTree = SOURCE_ROOT; };
		E42963092163EDD300A6A9E2 /* ofFileUtils.h */ = {isa = PBXFileReference; lastKnownFileType = sourcecode.c.h; name = ofFileUtils.h; path = ../../../../libs/openFrameworks/utils/ofFileUtils.h; sourceTree = SOURCE_ROOT; };
		E429630A2163EDD300A6A9E2 /* ofThread.h */ = {isa = PBXFileReference; lastKnownFileType = sourcecode.c.h; name = ofThread.h; path = ../../../../libs/openFrameworks/utils/ofThread.h; sourceTree = SOURCE_ROOT; };
		E429630B2163EDD300A6A9E2 /* ofURLFileLoader.h */ = {isa = PBXFileReference; lastKnownFileType = sourcecode.c.h; name = ofURLFileLoader.h; path = ../../../../libs/openFrameworks/utils/ofURLFileLoader.h; sourceTree = SOURCE_ROOT; };
		E429630C2163EDD300A6A9E2 /* ofJson.h */ = {isa = PBXFileReference; lastKnownFileType = sourcecode.c.h; name = ofJson.h; path = ../../../../libs/openFrameworks/utils/ofJson.h; sourceTree = SOURCE_ROOT; };
		E429630D2163EDD300A6A9E2 /* ofFileUtils.cpp */ = {isa = PBXFileReference; lastKnownFileType = sourcecode.cpp.cpp; name = ofFileUtils.cpp; path = ../../../../libs/openFrameworks/utils/ofFileUtils.cpp; sourceTree = SOURCE_ROOT; };
		E429630E2163EDD300A6A9E2 /* ofMatrixStack.cpp */ = {isa = PBXFileReference; lastKnownFileType = sourcecode.cpp.cpp; name = ofMatrixStack.cpp; path = ../../../../libs/openFrameworks/utils/ofMatrixStack.cpp; sourceTree = SOURCE_ROOT; };
		E429630F2163EDD300A6A9E2 /* ofUtils.cpp */ = {isa = PBXFileReference; lastKnownFileType = sourcecode.cpp.cpp; name = ofUtils.cpp; path = ../../../../libs/openFrameworks/utils/ofUtils.cpp; sourceTree = SOURCE_ROOT; };
		E42963102163EDD300A6A9E2 /* ofXml.cpp */ = {isa = PBXFileReference; lastKnownFileType = sourcecode.cpp.cpp; name = ofXml.cpp; path = ../../../../libs/openFrameworks/utils/ofXml.cpp; sourceTree = SOURCE_ROOT; };
		E42963112163EDD300A6A9E2 /* ofMatrixStack.h */ = {isa = PBXFileReference; lastKnownFileType = sourcecode.c.h; name = ofMatrixStack.h; path = ../../../../libs/openFrameworks/utils/ofMatrixStack.h; sourceTree = SOURCE_ROOT; };
		E42963122163EDD300A6A9E2 /* ofTimer.h */ = {isa = PBXFileReference; lastKnownFileType = sourcecode.c.h; name = ofTimer.h; path = ../../../../libs/openFrameworks/utils/ofTimer.h; sourceTree = SOURCE_ROOT; };
		E42963142163EDD300A6A9E2 /* ofVec2f.cpp */ = {isa = PBXFileReference; lastKnownFileType = sourcecode.cpp.cpp; name = ofVec2f.cpp; path = ../../../../libs/openFrameworks/math/ofVec2f.cpp; sourceTree = SOURCE_ROOT; };
		E42963152163EDD300A6A9E2 /* ofVec4f.cpp */ = {isa = PBXFileReference; lastKnownFileType = sourcecode.cpp.cpp; name = ofVec4f.cpp; path = ../../../../libs/openFrameworks/math/ofVec4f.cpp; sourceTree = SOURCE_ROOT; };
		E42963162163EDD300A6A9E2 /* ofVec4f.h */ = {isa = PBXFileReference; lastKnownFileType = sourcecode.c.h; name = ofVec4f.h; path = ../../../../libs/openFrameworks/math/ofVec4f.h; sourceTree = SOURCE_ROOT; };
		E42963172163EDD300A6A9E2 /* ofMath.cpp */ = {isa = PBXFileReference; lastKnownFileType = sourcecode.cpp.cpp; name = ofMath.cpp; path = ../../../../libs/openFrameworks/math/ofMath.cpp; sourceTree = SOURCE_ROOT; };
		E42963182163EDD300A6A9E2 /* ofMathConstants.h */ = {isa = PBXFileReference; lastKnownFileType = sourcecode.c.h; name = ofMathConstants.h; path = ../../../../libs/openFrameworks/math/ofMathConstants.h; sourceTree = SOURCE_ROOT; };
		E42963192163EDD300A6A9E2 /* ofMatrix4x4.h */ = {isa = PBXFileReference; lastKnownFileType = sourcecode.c.h; name = ofMatrix4x4.h; path = ../../../../libs/openFrameworks/math/ofMatrix4x4.h; sourceTree = SOURCE_ROOT; };
		E429631A2163EDD300A6A9E2 /* ofVec3f.h */ = {isa = PBXFileReference; lastKnownFileType = sourcecode.c.h; name = ofVec3f.h; path = ../../../../libs/openFrameworks/math/ofVec3f.h; sourceTree = SOURCE_ROOT; };
		E429631B2163EDD300A6A9E2 /* ofMatrix3x3.cpp */ = {isa = PBXFileReference; lastKnownFileType = sourcecode.cpp.cpp; name = ofMatrix3x3.cpp; path = ../../../../libs/openFrameworks/math/ofMatrix3x3.cpp; sourceTree = SOURCE_ROOT; };
		E429631C2163EDD300A6A9E2 /* ofMath.h */ = {isa = PBXFileReference; lastKnownFileType = sourcecode.c.h; name = ofMath.h; path = ../../../../libs/openFrameworks/math/ofMath.h; sourceTree = SOURCE_ROOT; };
		E429631D2163EDD300A6A9E2 /* ofQuaternion.h */ = {isa = PBXFileReference; lastKnownFileType = sourcecode.c.h; name = ofQuaternion.h; path = ../../../../libs/openFrameworks/math/ofQuaternion.h; sourceTree = SOURCE_ROOT; };
		E429631E2163EDD300A6A9E2 /* ofVectorMath.h */ = {isa = PBXFileReference; lastKnownFileType = sourcecode.c.h; name = ofVectorMath.h; path = ../../../../libs/openFrameworks/math/ofVectorMath.h; sourceTree = SOURCE_ROOT; };
		E429631F2163EDD300A6A9E2 /* ofQuaternion.cpp */ = {isa = PBXFileReference; lastKnownFileType = sourcecode.cpp.cpp; name = ofQuaternion.cpp; path = ../../../../libs/openFrameworks/math/ofQuaternion.cpp; sourceTree = SOURCE_ROOT; };
		E42963202163EDD300A6A9E2 /* ofVec2f.h */ = {isa = PBXFileReference; lastKnownFileType = sourcecode.c.h; name = ofVec2f.h; path = ../../../../libs/openFrameworks/math/ofVec2f.h; sourceTree = SOURCE_ROOT; };
		E42963212163EDD300A6A9E2 /* ofMatrix4x4.cpp */ = {isa = PBXFileReference; lastKnownFileType = sourcecode.cpp.cpp; name = ofMatrix4x4.cpp; path = ../../../../libs/openFrameworks/math/ofMatrix4x4.cpp; sourceTree = SOURCE_ROOT; };
		E42963222163EDD300A6A9E2 /* ofMatrix3x3.h */ = {isa = PBXFileReference; lastKnownFileType = sourcecode.c.h; name = ofMatrix3x3.h; path = ../../../../libs/openFrameworks/math/ofMatrix3x3.h; sourceTree = SOURCE_ROOT; };
		E42963262163EDD300A6A9E2 /* ofVboMesh.h */ = {isa = PBXFileReference; lastKnownFileType = sourcecode.c.h; name = ofVboMesh.h; path = ../../../../libs/openFrameworks/gl/ofVboMesh.h; sourceTree = SOURCE_ROOT; };
		E42963272163EDD300A6A9E2 /* ofTexture.h */ = {isa = PBXFileReference; lastKnownFileType = sourcecode.c.h; name = ofTexture.h; path = ../../../../libs/openFrameworks/gl/ofTexture.h; sourceTree = SOURCE_ROOT; };
		E42963282163EDD300A6A9E2 /* ofShader.h */ = {isa = PBXFileReference; lastKnownFileType = sourcecode.c.h; name = ofShader.h; path = ../../../../libs/openFrameworks/gl/ofShader.h; sourceTree = SOURCE_ROOT; };
		E42963292163EDD300A6A9E2 /* ofMaterial.cpp */ = {isa = PBXFileReference; lastKnownFileType = sourcecode.cpp.cpp; name = ofMaterial.cpp; path = ../../../../libs/openFrameworks/gl/ofMaterial.cpp; sourceTree = SOURCE_ROOT; };
		E429632A2163EDD300A6A9E2 /* ofFbo.cpp */ = {isa = PBXFileReference; lastKnownFileType = sourcecode.cpp.cpp; name = ofFbo.cpp; path = ../../../../libs/openFrameworks/gl/ofFbo.cpp; sourceTree = SOURCE_ROOT; };
		E429632B2163EDD300A6A9E2 /* ofLight.h */ = {isa = PBXFileReference; lastKnownFileType = sourcecode.c.h; name = ofLight.h; path = ../../../../libs/openFrameworks/gl/ofLight.h; sourceTree = SOURCE_ROOT; };
		E429632C2163EDD300A6A9E2 /* ofMaterial.h */ = {isa = PBXFileReference; lastKnownFileType = sourcecode.c.h; name = ofMaterial.h; path = ../../../../libs/openFrameworks/gl/ofMaterial.h; sourceTree = SOURCE_ROOT; };
		E429632D2163EDD300A6A9E2 /* ofShader.cpp */ = {isa = PBXFileReference; lastKnownFileType = sourcecode.cpp.cpp; name = ofShader.cpp; path = ../../../../libs/openFrameworks/gl/ofShader.cpp; sourceTree = SOURCE_ROOT; };
		E429632E2163EDD300A6A9E2 /* ofBufferObject.cpp */ = {isa = PBXFileReference; lastKnownFileType = sourcecode.cpp.cpp; name = ofBufferObject.cpp; path = ../../../../libs/openFrameworks/gl/ofBufferObject.cpp; sourceTree = SOURCE_ROOT; };
		E429632F2163EDD300A6A9E2 /* ofVboMesh.cpp */ = {isa = PBXFileReference; lastKnownFileType = sourcecode.cpp.cpp; name = ofVboMesh.cpp; path = ../../../../libs/openFrameworks/gl/ofVboMesh.cpp; sourceTree = SOURCE_ROOT; };
		E42963302163EDD300A6A9E2 /* ofGLUtils.cpp */ = {isa = PBXFileReference; lastKnownFileType = sourcecode.cpp.cpp; name = ofGLUtils.cpp; path = ../../../../libs/openFrameworks/gl/ofGLUtils.cpp; sourceTree = SOURCE_ROOT; };
		E42963312163EDD300A6A9E2 /* ofVbo.h */ = {isa = PBXFileReference; lastKnownFileType = sourcecode.c.h; name = ofVbo.h; path = ../../../../libs/openFrameworks/gl/ofVbo.h; sourceTree = SOURCE_ROOT; };
		E42963322163EDD300A6A9E2 /* ofLight.cpp */ = {isa = PBXFileReference; lastKnownFileType = sourcecode.cpp.cpp; name = ofLight.cpp; path = ../../../../libs/openFrameworks/gl/ofLight.cpp; sourceTree = SOURCE_ROOT; };
		E42963332163EDD300A6A9E2 /* ofBufferObject.h */ = {isa = PBXFileReference; lastKnownFileType = sourcecode.c.h; name = ofBufferObject.h; path = ../../../../libs/openFrameworks/gl/ofBufferObject.h; sourceTree = SOURCE_ROOT; };
		E42963342163EDD300A6A9E2 /* ofGLProgrammableRenderer.cpp */ = {isa = PBXFileReference; lastKnownFileType = sourcecode.cpp.cpp; name = ofGLProgrammableRenderer.cpp; path = ../../../../libs/openFrameworks/gl/ofGLProgrammableRenderer.cpp; sourceTree = SOURCE_ROOT; };
		E42963382163EDD300A6A9E2 /* ofFbo.h */ = {isa = PBXFileReference; lastKnownFileType = sourcecode.c.h; name = ofFbo.h; path = ../../../../libs/openFrameworks/gl/ofFbo.h; sourceTree = SOURCE_ROOT; };
		E42963392163EDD300A6A9E2 /* ofGLBaseTypes.h */ = {isa = PBXFileReference; lastKnownFileType = sourcecode.c.h; name = ofGLBaseTypes.h; path = ../../../../libs/openFrameworks/gl/ofGLBaseTypes.h; sourceTree = SOURCE_ROOT; };
		E429633A2163EDD300A6A9E2 /* ofVbo.cpp */ = {isa = PBXFileReference; lastKnownFileType = sourcecode.cpp.cpp; name = ofVbo.cpp; path = ../../../../libs/openFrameworks/gl/ofVbo.cpp; sourceTree = SOURCE_ROOT; };
		E429633B2163EDD300A6A9E2 /* ofGLProgrammableRenderer.h */ = {isa = PBXFileReference; lastKnownFileType = sourcecode.c.h; name = ofGLProgrammableRenderer.h; path = ../../../../libs/openFrameworks/gl/ofGLProgrammableRenderer.h; sourceTree = SOURCE_ROOT; };
		E429633C2163EDD300A6A9E2 /* ofTexture.cpp */ = {isa = PBXFileReference; lastKnownFileType = sourcecode.cpp.cpp; name = ofTexture.cpp; path = ../../../../libs/openFrameworks/gl/ofTexture.cpp; sourceTree = SOURCE_ROOT; };
		E429633D2163EDD300A6A9E2 /* ofGLUtils.h */ = {isa = PBXFileReference; lastKnownFileType = sourcecode.c.h; name = ofGLUtils.h; path = ../../../../libs/openFrameworks/gl/ofGLUtils.h; sourceTree = SOURCE_ROOT; };
		E429633E2163EDD300A6A9E2 /* ofGLRenderer.cpp */ = {isa = PBXFileReference; lastKnownFileType = sourcecode.cpp.cpp; name = ofGLRenderer.cpp; path = ../../../../libs/openFrameworks/gl/ofGLRenderer.cpp; sourceTree = SOURCE_ROOT; };
		E429633F2163EDD300A6A9E2 /* ofGLRenderer.h */ = {isa = PBXFileReference; lastKnownFileType = sourcecode.c.h; name = ofGLRenderer.h; path = ../../../../libs/openFrameworks/gl/ofGLRenderer.h; sourceTree = SOURCE_ROOT; };
		E42963412163EDD300A6A9E2 /* ofArduino.h */ = {isa = PBXFileReference; lastKnownFileType = sourcecode.c.h; name = ofArduino.h; path = ../../../../libs/openFrameworks/communication/ofArduino.h; sourceTree = SOURCE_ROOT; };
		E42963422163EDD300A6A9E2 /* ofSerial.cpp */ = {isa = PBXFileReference; lastKnownFileType = sourcecode.cpp.cpp; name = ofSerial.cpp; path = ../../../../libs/openFrameworks/communication/ofSerial.cpp; sourceTree = SOURCE_ROOT; };
		E42963432163EDD300A6A9E2 /* ofSerial.h */ = {isa = PBXFileReference; lastKnownFileType = sourcecode.c.h; name = ofSerial.h; path = ../../../../libs/openFrameworks/communication/ofSerial.h; sourceTree = SOURCE_ROOT; };
		E42963442163EDD300A6A9E2 /* ofArduino.cpp */ = {isa = PBXFileReference; lastKnownFileType = sourcecode.cpp.cpp; name = ofArduino.cpp; path = ../../../../libs/openFrameworks/communication/ofArduino.cpp; sourceTree = SOURCE_ROOT; };
		E42963462163EDD300A6A9E2 /* ofEventUtils.h */ = {isa = PBXFileReference; lastKnownFileType = sourcecode.c.h; name = ofEventUtils.h; path = ../../../../libs/openFrameworks/events/ofEventUtils.h; sourceTree = SOURCE_ROOT; };
		E42963472163EDD300A6A9E2 /* ofEvent.h */ = {isa = PBXFileReference; lastKnownFileType = sourcecode.c.h; name = ofEvent.h; path = ../../../../libs/openFrameworks/events/ofEvent.h; sourceTree = SOURCE_ROOT; };
		E42963482163EDD300A6A9E2 /* ofEvents.h */ = {isa = PBXFileReference; lastKnownFileType = sourcecode.c.h; name = ofEvents.h; path = ../../../../libs/openFrameworks/events/ofEvents.h; sourceTree = SOURCE_ROOT; };
		E42963492163EDD300A6A9E2 /* ofEvents.cpp */ = {isa = PBXFileReference; lastKnownFileType = sourcecode.cpp.cpp; name = ofEvents.cpp; path = ../../../../libs/openFrameworks/events/ofEvents.cpp; sourceTree = SOURCE_ROOT; };
		E429634B2163EDD300A6A9E2 /* ofGraphicsBaseTypes.h */ = {isa = PBXFileReference; lastKnownFileType = sourcecode.c.h; name = ofGraphicsBaseTypes.h; path = ../../../../libs/openFrameworks/graphics/ofGraphicsBaseTypes.h; sourceTree = SOURCE_ROOT; };
		E429634C2163EDD300A6A9E2 /* ofPath.h */ = {isa = PBXFileReference; lastKnownFileType = sourcecode.c.h; name = ofPath.h; path = ../../../../libs/openFrameworks/graphics/ofPath.h; sourceTree = SOURCE_ROOT; };
		E429634D2163EDD300A6A9E2 /* ofBitmapFont.cpp */ = {isa = PBXFileReference; lastKnownFileType = sourcecode.cpp.cpp; name = ofBitmapFont.cpp; path = ../../../../libs/openFrameworks/graphics/ofBitmapFont.cpp; sourceTree = SOURCE_ROOT; };
		E429634E2163EDD300A6A9E2 /* ofTrueTypeFont.h */ = {isa = PBXFileReference; lastKnownFileType = sourcecode.c.h; name = ofTrueTypeFont.h; path = ../../../../libs/openFrameworks/graphics/ofTrueTypeFont.h; sourceTree = SOURCE_ROOT; };
		E429634F2163EDD300A6A9E2 /* ofTessellator.cpp */ = {isa = PBXFileReference; lastKnownFileType = sourcecode.cpp.cpp; name = ofTessellator.cpp; path = ../../../../libs/openFrameworks/graphics/ofTessellator.cpp; sourceTree = SOURCE_ROOT; };
		E42963502163EDD300A6A9E2 /* ofGraphics.cpp */ = {isa = PBXFileReference; lastKnownFileType = sourcecode.cpp.cpp; name = ofGraphics.cpp; path = ../../../../libs/openFrameworks/graphics/ofGraphics.cpp; sourceTree = SOURCE_ROOT; };
		E42963512163EDD300A6A9E2 /* ofPolyline.h */ = {isa = PBXFileReference; lastKnownFileType = sourcecode.c.h; name = ofPolyline.h; path = ../../../../libs/openFrameworks/graphics/ofPolyline.h; sourceTree = SOURCE_ROOT; };
		E42963522163EDD300A6A9E2 /* ofGraphicsBaseTypes.cpp */ = {isa = PBXFileReference; lastKnownFileType = sourcecode.cpp.cpp; name = ofGraphicsBaseTypes.cpp; path = ../../../../libs/openFrameworks/graphics/ofGraphicsBaseTypes.cpp; sourceTree = SOURCE_ROOT; };
		E42963532163EDD300A6A9E2 /* ofCairoRenderer.cpp */ = {isa = PBXFileReference; lastKnownFileType = sourcecode.cpp.cpp; name = ofCairoRenderer.cpp; path = ../../../../libs/openFrameworks/graphics/ofCairoRenderer.cpp; sourceTree = SOURCE_ROOT; };
		E42963542163EDD300A6A9E2 /* ofRendererCollection.cpp */ = {isa = PBXFileReference; lastKnownFileType = sourcecode.cpp.cpp; name = ofRendererCollection.cpp; path = ../../../../libs/openFrameworks/graphics/ofRendererCollection.cpp; sourceTree = SOURCE_ROOT; };
		E42963552163EDD300A6A9E2 /* ofPath.cpp */ = {isa = PBXFileReference; lastKnownFileType = sourcecode.cpp.cpp; name = ofPath.cpp; path = ../../../../libs/openFrameworks/graphics/ofPath.cpp; sourceTree = SOURCE_ROOT; };
		E42963562163EDD300A6A9E2 /* ofPixels.cpp */ = {isa = PBXFileReference; lastKnownFileType = sourcecode.cpp.cpp; name = ofPixels.cpp; path = ../../../../libs/openFrameworks/graphics/ofPixels.cpp; sourceTree = SOURCE_ROOT; };
		E42963572163EDD300A6A9E2 /* ofPolyline.inl */ = {isa = PBXFileReference; lastKnownFileType = text; name = ofPolyline.inl; path = ../../../../libs/openFrameworks/graphics/ofPolyline.inl; sourceTree = SOURCE_ROOT; };
		E42963582163EDD300A6A9E2 /* of3dGraphics.cpp */ = {isa = PBXFileReference; lastKnownFileType = sourcecode.cpp.cpp; name = of3dGraphics.cpp; path = ../../../../libs/openFrameworks/graphics/of3dGraphics.cpp; sourceTree = SOURCE_ROOT; };
		E42963592163EDD300A6A9E2 /* ofImage.h */ = {isa = PBXFileReference; lastKnownFileType = sourcecode.c.h; name = ofImage.h; path = ../../../../libs/openFrameworks/graphics/ofImage.h; sourceTree = SOURCE_ROOT; };
		E429635A2163EDD300A6A9E2 /* ofPixels.h */ = {isa = PBXFileReference; lastKnownFileType = sourcecode.c.h; name = ofPixels.h; path = ../../../../libs/openFrameworks/graphics/ofPixels.h; sourceTree = SOURCE_ROOT; };
		E429635B2163EDD300A6A9E2 /* ofCairoRenderer.h */ = {isa = PBXFileReference; lastKnownFileType = sourcecode.c.h; name = ofCairoRenderer.h; path = ../../../../libs/openFrameworks/graphics/ofCairoRenderer.h; sourceTree = SOURCE_ROOT; };
		E429635C2163EDD300A6A9E2 /* ofBitmapFont.h */ = {isa = PBXFileReference; lastKnownFileType = sourcecode.c.h; name = ofBitmapFont.h; path = ../../../../libs/openFrameworks/graphics/ofBitmapFont.h; sourceTree = SOURCE_ROOT; };
		E429635D2163EDD300A6A9E2 /* ofTrueTypeFont.cpp */ = {isa = PBXFileReference; lastKnownFileType = sourcecode.cpp.cpp; name = ofTrueTypeFont.cpp; path = ../../../../libs/openFrameworks/graphics/ofTrueTypeFont.cpp; sourceTree = SOURCE_ROOT; };
		E429635E2163EDD300A6A9E2 /* ofRendererCollection.h */ = {isa = PBXFileReference; lastKnownFileType = sourcecode.c.h; name = ofRendererCollection.h; path = ../../../../libs/openFrameworks/graphics/ofRendererCollection.h; sourceTree = SOURCE_ROOT; };
		E429635F2163EDD300A6A9E2 /* ofGraphics.h */ = {isa = PBXFileReference; lastKnownFileType = sourcecode.c.h; name = ofGraphics.h; path = ../../../../libs/openFrameworks/graphics/ofGraphics.h; sourceTree = SOURCE_ROOT; };
		E42963602163EDD300A6A9E2 /* ofGraphicsConstants.h */ = {isa = PBXFileReference; lastKnownFileType = sourcecode.c.h; name = ofGraphicsConstants.h; path = ../../../../libs/openFrameworks/graphics/ofGraphicsConstants.h; sourceTree = SOURCE_ROOT; };
		E42963612163EDD300A6A9E2 /* ofImage.cpp */ = {isa = PBXFileReference; lastKnownFileType = sourcecode.cpp.cpp; name = ofImage.cpp; path = ../../../../libs/openFrameworks/graphics/ofImage.cpp; sourceTree = SOURCE_ROOT; };
		E42963622163EDD300A6A9E2 /* of3dGraphics.h */ = {isa = PBXFileReference; lastKnownFileType = sourcecode.c.h; name = of3dGraphics.h; path = ../../../../libs/openFrameworks/graphics/of3dGraphics.h; sourceTree = SOURCE_ROOT; };
		E42963632163EDD300A6A9E2 /* ofTessellator.h */ = {isa = PBXFileReference; lastKnownFileType = sourcecode.c.h; name = ofTessellator.h; path = ../../../../libs/openFrameworks/graphics/ofTessellator.h; sourceTree = SOURCE_ROOT; };
		E42963652163EDD300A6A9E2 /* ofSoundStream.cpp */ = {isa = PBXFileReference; lastKnownFileType = sourcecode.cpp.cpp; name = ofSoundStream.cpp; path = ../../../../libs/openFrameworks/sound/ofSoundStream.cpp; sourceTree = SOURCE_ROOT; };
		E42963662163EDD300A6A9E2 /* ofSoundStream.h */ = {isa = PBXFileReference; lastKnownFileType = sourcecode.c.h; name = ofSoundStream.h; path = ../../../../libs/openFrameworks/sound/ofSoundStream.h; sourceTree = SOURCE_ROOT; };
		E42963672163EDD300A6A9E2 /* ofSoundPlayer.h */ = {isa = PBXFileReference; lastKnownFileType = sourcecode.c.h; name = ofSoundPlayer.h; path = ../../../../libs/openFrameworks/sound/ofSoundPlayer.h; sourceTree = SOURCE_ROOT; };
		E42963682163EDD300A6A9E2 /* ofOpenALSoundPlayer.h */ = {isa = PBXFileReference; lastKnownFileType = sourcecode.c.h; name = ofOpenALSoundPlayer.h; path = ../../../../libs/openFrameworks/sound/ofOpenALSoundPlayer.h; sourceTree = SOURCE_ROOT; };
		E42963692163EDD300A6A9E2 /* ofRtAudioSoundStream.cpp */ = {isa = PBXFileReference; lastKnownFileType = sourcecode.cpp.cpp; name = ofRtAudioSoundStream.cpp; path = ../../../../libs/openFrameworks/sound/ofRtAudioSoundStream.cpp; sourceTree = SOURCE_ROOT; };
		E429636A2163EDD300A6A9E2 /* ofFmodSoundPlayer.cpp */ = {isa = PBXFileReference; lastKnownFileType = sourcecode.cpp.cpp; name = ofFmodSoundPlayer.cpp; path = ../../../../libs/openFrameworks/sound/ofFmodSoundPlayer.cpp; sourceTree = SOURCE_ROOT; };
		E429636B2163EDD300A6A9E2 /* ofSoundBaseTypes.cpp */ = {isa = PBXFileReference; lastKnownFileType = sourcecode.cpp.cpp; name = ofSoundBaseTypes.cpp; path = ../../../../libs/openFrameworks/sound/ofSoundBaseTypes.cpp; sourceTree = SOURCE_ROOT; };
		E429636C2163EDD300A6A9E2 /* ofOpenALSoundPlayer.cpp */ = {isa = PBXFileReference; lastKnownFileType = sourcecode.cpp.cpp; name = ofOpenALSoundPlayer.cpp; path = ../../../../libs/openFrameworks/sound/ofOpenALSoundPlayer.cpp; sourceTree = SOURCE_ROOT; };
		E429636D2163EDD300A6A9E2 /* ofSoundPlayer.cpp */ = {isa = PBXFileReference; lastKnownFileType = sourcecode.cpp.cpp; name = ofSoundPlayer.cpp; path = ../../../../libs/openFrameworks/sound/ofSoundPlayer.cpp; sourceTree = SOURCE_ROOT; };
		E429636E2163EDD300A6A9E2 /* ofRtAudioSoundStream.h */ = {isa = PBXFileReference; lastKnownFileType = sourcecode.c.h; name = ofRtAudioSoundStream.h; path = ../../../../libs/openFrameworks/sound/ofRtAudioSoundStream.h; sourceTree = SOURCE_ROOT; };
		E429636F2163EDD300A6A9E2 /* ofSoundUtils.h */ = {isa = PBXFileReference; lastKnownFileType = sourcecode.c.h; name = ofSoundUtils.h; path = ../../../../libs/openFrameworks/sound/ofSoundUtils.h; sourceTree = SOURCE_ROOT; };
		E42963702163EDD300A6A9E2 /* ofSoundBuffer.h */ = {isa = PBXFileReference; lastKnownFileType = sourcecode.c.h; name = ofSoundBuffer.h; path = ../../../../libs/openFrameworks/sound/ofSoundBuffer.h; sourceTree = SOURCE_ROOT; };
		E42963712163EDD300A6A9E2 /* ofFmodSoundPlayer.h */ = {isa = PBXFileReference; lastKnownFileType = sourcecode.c.h; name = ofFmodSoundPlayer.h; path = ../../../../libs/openFrameworks/sound/ofFmodSoundPlayer.h; sourceTree = SOURCE_ROOT; };
		E42963722163EDD300A6A9E2 /* ofSoundBuffer.cpp */ = {isa = PBXFileReference; lastKnownFileType = sourcecode.cpp.cpp; name = ofSoundBuffer.cpp; path = ../../../../libs/openFrameworks/sound/ofSoundBuffer.cpp; sourceTree = SOURCE_ROOT; };
		E42963732163EDD300A6A9E2 /* ofSoundBaseTypes.h */ = {isa = PBXFileReference; lastKnownFileType = sourcecode.c.h; name = ofSoundBaseTypes.h; path = ../../../../libs/openFrameworks/sound/ofSoundBaseTypes.h; sourceTree = SOURCE_ROOT; };
		E4B69B5B0A3A1756003C02F2 /* gridExampleDebug.app */ = {isa = PBXFileReference; explicitFileType = wrapper.application; includeInIndex = 0; path = gridExampleDebug.app; sourceTree = BUILT_PRODUCTS_DIR; };
		E4B69E1D0A3A1BDC003C02F2 /* main.cpp */ = {isa = PBXFileReference; fileEncoding = 4; lastKnownFileType = sourcecode.cpp.cpp; name = main.cpp; path = src/main.cpp; sourceTree = SOURCE_ROOT; };
		E4B6FCAD0C3E899E008CF71C /* openFrameworks-Info.plist */ = {isa = PBXFileReference; fileEncoding = 4; lastKnownFileType = text.plist.xml; path = "openFrameworks-Info.plist"; sourceTree = "<group>"; };
		E4E05CA9020DC4A56F76B138 /* emptyApp.h */ = {isa = PBXFileReference; explicitFileType = sourcecode.c.h; fileEncoding = 4; name = emptyApp.h; path = src/emptyApp.h; sourceTree = SOURCE_ROOT; };
		E4EB6923138AFD0F00A09F29 /* Project.xcconfig */ = {isa = PBXFileReference; fileEncoding = 4; lastKnownFileType = text.xcconfig; path = Project.xcconfig; sourceTree = "<group>"; };
		F29736B722EF53C94B796455 /* ofxAnimation.cpp */ = {isa = PBXFileReference; explicitFileType = sourcecode.cpp.cpp; fileEncoding = 4; name = ofxAnimation.cpp; path = ../../../../addons/ofxSoso/src/ofxAnimation.cpp; sourceTree = SOURCE_ROOT; };
		F9C0A3AB8BF5A997501714BA /* ofxTextObject.cpp */ = {isa = PBXFileReference; explicitFileType = sourcecode.cpp.cpp; fileEncoding = 4; name = ofxTextObject.cpp; path = ../../../../addons/ofxSoso/src/ofxTextObject.cpp; sourceTree = SOURCE_ROOT; };
/* End PBXFileReference section */

/* Begin PBXFrameworksBuildPhase section */
		E4B69B590A3A1756003C02F2 /* Frameworks */ = {
			isa = PBXFrameworksBuildPhase;
			buildActionMask = 2147483647;
			files = (
			);
			runOnlyForDeploymentPostprocessing = 0;
		};
/* End PBXFrameworksBuildPhase section */

/* Begin PBXGroup section */
		01902DDCFD44B38772AD0C6F /* ofxAVFVideoPlayer */ = {
			isa = PBXGroup;
			children = (
				CB8866D0AA973BD80D125E15 /* src */,
			);
			name = ofxAVFVideoPlayer;
			sourceTree = "<group>";
		};
		1A36ADDAF544F1D230A4DE59 /* ofxSoso */ = {
			isa = PBXGroup;
			children = (
				D0244E8B23E9BDA4222A2E1B /* src */,
			);
			name = ofxSoso;
			sourceTree = "<group>";
		};
		6948EE371B920CB800B5AC1A /* local_addons */ = {
			isa = PBXGroup;
			children = (
			);
			name = local_addons;
			sourceTree = "<group>";
		};
		BB4B014C10F69532006C3DED /* addons */ = {
			isa = PBXGroup;
			children = (
				01902DDCFD44B38772AD0C6F /* ofxAVFVideoPlayer */,
				1A36ADDAF544F1D230A4DE59 /* ofxSoso */,
			);
			name = addons;
			sourceTree = "<group>";
		};
		CB8866D0AA973BD80D125E15 /* src */ = {
			isa = PBXGroup;
			children = (
				0AF707443C13F3A04AF8925F /* ofxAVFVideoPlayer.h */,
				2E95B15DF712620D3240F89F /* ofxAVFVideoPlayer.mm */,
				DB3C57B7D0CFD4018ECA8EEE /* ofxAVFVideoRenderer.h */,
				8108187032DBD941B044739A /* ofxAVFVideoRenderer.m */,
			);
			name = src;
			sourceTree = "<group>";
		};
		D0244E8B23E9BDA4222A2E1B /* src */ = {
			isa = PBXGroup;
			children = (
				F29736B722EF53C94B796455 /* ofxAnimation.cpp */,
				402CD85B7C6B2EBB86EC8EA6 /* ofxAnimation.h */,
				A1629FBCD3B4615F4A2976C9 /* ofxArcObject.cpp */,
				8E39832BF22B1708A135AEAF /* ofxArcObject.h */,
				336D68991F3451CD6636E4E6 /* ofxCircleObject.cpp */,
				02F94DB9B28278CE52047F76 /* ofxCircleObject.h */,
				75499A595561C0C909A47EAF /* ofxDynamicPolygonObject.cpp */,
				4DCE4BD20B32A57DEF82B9CD /* ofxDynamicPolygonObject.h */,
				D270925B75974A566DDAFF49 /* ofxFboObject.cpp */,
				AB06B672C13EB14F66B3590C /* ofxFboObject.h */,
				3003CCBCA991B6E46E7F0FD7 /* ofxGridSystem.cpp */,
				9A138A95E6FB9D2D00C7E40D /* ofxGridSystem.h */,
				25C6BC72FF8D6754CAE83DC8 /* ofxImageObject.cpp */,
				333D27F42B35870AD4856F29 /* ofxImageObject.h */,
				E1B8E0989DC53B6FDEFD880F /* ofxLetterTextObject.cpp */,
				DBA168034BF49F632FA80C41 /* ofxLetterTextObject.h */,
				71476C1B02BAEFF003D83DFB /* ofxLineSegmentObject.cpp */,
				3673633BED9422023D2A8C4A /* ofxLineSegmentObject.h */,
				4B3C08DA1472903A091C3A21 /* ofxLineStripObject.cpp */,
				5D3F29FC09C4EA522DC3D8EB /* ofxLineStripObject.h */,
				ACA28868A409168B17A704D5 /* ofxMessage.cpp */,
				3029396B5BD1BBF563E24BC8 /* ofxMessage.h */,
				CC1833E213C2C4A1E47DFD65 /* ofxObject.cpp */,
				4825CD361E293C6C1AF9D132 /* ofxObject.h */,
				944B8C76739E9A48F55A3D87 /* ofxPolygonObject.cpp */,
				536F3A8A15213856925229E3 /* ofxPolygonObject.h */,
				18CEFEAF8B9335458C193C11 /* ofxQuadStripObject.cpp */,
				C590F18DC129F3FA0952569C /* ofxQuadStripObject.h */,
				974CD16737E412FEE81C675A /* ofxRectangleObject.cpp */,
				3D2F0AE2706DC664D2301724 /* ofxRectangleObject.h */,
				773AE73291FA8EF122C30BA1 /* ofxRoundedArcObject.cpp */,
				5904011353731E304979B098 /* ofxRoundedArcObject.h */,
				BCD48F72590D5029F6154F54 /* ofxScene.cpp */,
				AB6E485E84FD9B1F5148E381 /* ofxScene.h */,
				1164F6A838318D31E52B965E /* ofxScroller.cpp */,
				CF28E2F2514A748C70A46733 /* ofxScroller.h */,
				88FB5C3CC3C4C7DA62C30A11 /* ofxSosoRenderer.cpp */,
				910A9C041F0490A0B7776A85 /* ofxSosoRenderer.h */,
				80897F89549F3B92332DE157 /* ofxSosoTrueTypeFont.cpp */,
				C3AF64D4C898D60C5E0C40A4 /* ofxSosoTrueTypeFont.h */,
				5A2A550BBA1D447BD4E6CCB6 /* ofxStateMachine.cpp */,
				A8016EB18DD789148E47434C /* ofxStateMachine.h */,
				F9C0A3AB8BF5A997501714BA /* ofxTextObject.cpp */,
				679F7BED948E70EC1050C870 /* ofxTextObject.h */,
				29B19B68B883EFAA5140D626 /* ofxTextureObject.cpp */,
				DEEE4C7F10BBB847A31D392A /* ofxTextureObject.h */,
				CA024A37D2F32E9BD9303AFF /* ofxVideoPlayerObject.cpp */,
				41C4BA011B579A81F3EC2040 /* ofxVideoPlayerObject.h */,
			);
			name = src;
			sourceTree = "<group>";
		};
		E42962AA2163EDD300A6A9E2 /* openFrameworks */ = {
			isa = PBXGroup;
			children = (
				E42962AB2163EDD300A6A9E2 /* 3d */,
				E42962E72163EDD300A6A9E2 /* app */,
				E42963402163EDD300A6A9E2 /* communication */,
				E42963452163EDD300A6A9E2 /* events */,
				E42963252163EDD300A6A9E2 /* gl */,
				E429634A2163EDD300A6A9E2 /* graphics */,
				E42963132163EDD300A6A9E2 /* math */,
				E42962F92163EDD300A6A9E2 /* ofMain.h */,
				E42963642163EDD300A6A9E2 /* sound */,
				E42962DA2163EDD300A6A9E2 /* types */,
				E42962FA2163EDD300A6A9E2 /* utils */,
				E42962B82163EDD300A6A9E2 /* video */,
			);
			name = openFrameworks;
			path = ../../../../libs/openFrameworks;
			sourceTree = "<group>";
		};
		E42962AB2163EDD300A6A9E2 /* 3d */ = {
			isa = PBXGroup;
			children = (
				E42962B02163EDD300A6A9E2 /* of3dPrimitives.cpp */,
				E42962B62163EDD300A6A9E2 /* of3dPrimitives.h */,
				E42962B52163EDD300A6A9E2 /* of3dUtils.cpp */,
				E42962B12163EDD300A6A9E2 /* of3dUtils.h */,
				E42962AC2163EDD300A6A9E2 /* ofCamera.cpp */,
				E42962B32163EDD300A6A9E2 /* ofCamera.h */,
				E42962B22163EDD300A6A9E2 /* ofEasyCam.cpp */,
				E42962B72163EDD300A6A9E2 /* ofEasyCam.h */,
				E42962AD2163EDD300A6A9E2 /* ofMesh.h */,
				E42962B42163EDD300A6A9E2 /* ofMesh.inl */,
				E42962AF2163EDD300A6A9E2 /* ofNode.cpp */,
				E42962AE2163EDD300A6A9E2 /* ofNode.h */,
			);
			name = 3d;
			path = ../../../../libs/openFrameworks/3d;
			sourceTree = SOURCE_ROOT;
		};
		E42962B82163EDD300A6A9E2 /* video */ = {
			isa = PBXGroup;
			children = (
				E42962BA2163EDD300A6A9E2 /* ofAVFoundationGrabber.h */,
				E42962C22163EDD300A6A9E2 /* ofAVFoundationGrabber.mm */,
				E42962BC2163EDD300A6A9E2 /* ofAVFoundationPlayer.h */,
				E42962CE2163EDD300A6A9E2 /* ofAVFoundationPlayer.mm */,
				E42962C12163EDD300A6A9E2 /* ofAVFoundationVideoPlayer.h */,
				E42962D72163EDD300A6A9E2 /* ofAVFoundationVideoPlayer.m */,
				E42962C52163EDD300A6A9E2 /* ofQTKitGrabber.h */,
				E42962BE2163EDD300A6A9E2 /* ofQTKitGrabber.mm */,
				E42962C32163EDD300A6A9E2 /* ofQTKitMovieRenderer.h */,
				E42962D62163EDD300A6A9E2 /* ofQTKitMovieRenderer.m */,
				E42962CB2163EDD300A6A9E2 /* ofQTKitPlayer.h */,
				E42962D52163EDD300A6A9E2 /* ofQTKitPlayer.mm */,
				E42962BD2163EDD300A6A9E2 /* ofQtUtils.cpp */,
				E42962CD2163EDD300A6A9E2 /* ofQtUtils.h */,
				E42962BF2163EDD300A6A9E2 /* ofQuickTimeGrabber.cpp */,
				E42962C72163EDD300A6A9E2 /* ofQuickTimeGrabber.h */,
				E42962C92163EDD300A6A9E2 /* ofQuickTimePlayer.cpp */,
				E42962CF2163EDD300A6A9E2 /* ofQuickTimePlayer.h */,
				E42962D92163EDD300A6A9E2 /* ofVideoBaseTypes.h */,
				E42962D02163EDD300A6A9E2 /* ofVideoGrabber.cpp */,
				E42962CA2163EDD300A6A9E2 /* ofVideoGrabber.h */,
				E42962C42163EDD300A6A9E2 /* ofVideoPlayer.cpp */,
				E42962BB2163EDD300A6A9E2 /* ofVideoPlayer.h */,
			);
			name = video;
			path = ../../../../libs/openFrameworks/video;
			sourceTree = SOURCE_ROOT;
		};
		E42962DA2163EDD300A6A9E2 /* types */ = {
			isa = PBXGroup;
			children = (
				E42962E12163EDD300A6A9E2 /* ofBaseTypes.cpp */,
				E42962E62163EDD300A6A9E2 /* ofBaseTypes.h */,
				E42962E42163EDD300A6A9E2 /* ofColor.cpp */,
				E42962DC2163EDD300A6A9E2 /* ofColor.h */,
				E42962E52163EDD300A6A9E2 /* ofParameter.cpp */,
				E42962E32163EDD300A6A9E2 /* ofParameter.h */,
				E42962E22163EDD300A6A9E2 /* ofParameterGroup.cpp */,
				E42962DB2163EDD300A6A9E2 /* ofParameterGroup.h */,
				E42962DE2163EDD300A6A9E2 /* ofPoint.h */,
				E42962DD2163EDD300A6A9E2 /* ofRectangle.cpp */,
				E42962E02163EDD300A6A9E2 /* ofRectangle.h */,
				E42962DF2163EDD300A6A9E2 /* ofTypes.h */,
			);
			name = types;
			path = ../../../../libs/openFrameworks/types;
			sourceTree = SOURCE_ROOT;
		};
		E42962E72163EDD300A6A9E2 /* app */ = {
			isa = PBXGroup;
			children = (
				E42962ED2163EDD300A6A9E2 /* ofAppBaseWindow.h */,
				E42962EC2163EDD300A6A9E2 /* ofAppEGLWindow.cpp */,
				E42962F12163EDD300A6A9E2 /* ofAppEGLWindow.h */,
				E42962F52163EDD300A6A9E2 /* ofAppGLFWWindow.cpp */,
				E42962F82163EDD300A6A9E2 /* ofAppGLFWWindow.h */,
				E42962EA2163EDD300A6A9E2 /* ofAppGlutWindow.cpp */,
				E42962F62163EDD300A6A9E2 /* ofAppGlutWindow.h */,
				E42962F42163EDD300A6A9E2 /* ofAppNoWindow.cpp */,
				E42962EF2163EDD300A6A9E2 /* ofAppNoWindow.h */,
				E42962F72163EDD300A6A9E2 /* ofAppRunner.cpp */,
				E42962F32163EDD300A6A9E2 /* ofAppRunner.h */,
				E42962E92163EDD300A6A9E2 /* ofBaseApp.cpp */,
				E42962F02163EDD300A6A9E2 /* ofBaseApp.h */,
				E42962EE2163EDD300A6A9E2 /* ofIcon.h */,
				E42962F22163EDD300A6A9E2 /* ofMainLoop.cpp */,
				E42962E82163EDD300A6A9E2 /* ofMainLoop.h */,
				E42962EB2163EDD300A6A9E2 /* ofWindowSettings.h */,
			);
			name = app;
			path = ../../../../libs/openFrameworks/app;
			sourceTree = SOURCE_ROOT;
		};
		E42962FA2163EDD300A6A9E2 /* utils */ = {
			isa = PBXGroup;
			children = (
				E42962FF2163EDD300A6A9E2 /* ofConstants.h */,
				E429630D2163EDD300A6A9E2 /* ofFileUtils.cpp */,
				E42963092163EDD300A6A9E2 /* ofFileUtils.h */,
				E42962FD2163EDD300A6A9E2 /* ofFpsCounter.cpp */,
				E42963012163EDD300A6A9E2 /* ofFpsCounter.h */,
				E429630C2163EDD300A6A9E2 /* ofJson.h */,
				E42963072163EDD300A6A9E2 /* ofLog.cpp */,
				E42963022163EDD300A6A9E2 /* ofLog.h */,
				E429630E2163EDD300A6A9E2 /* ofMatrixStack.cpp */,
				E42963112163EDD300A6A9E2 /* ofMatrixStack.h */,
				E42963062163EDD300A6A9E2 /* ofNoise.h */,
				E42963042163EDD300A6A9E2 /* ofSystemUtils.cpp */,
				E42963032163EDD300A6A9E2 /* ofSystemUtils.h */,
				E42962FC2163EDD300A6A9E2 /* ofThread.cpp */,
				E429630A2163EDD300A6A9E2 /* ofThread.h */,
				E42962FB2163EDD300A6A9E2 /* ofThreadChannel.h */,
				E42963082163EDD300A6A9E2 /* ofTimer.cpp */,
				E42963122163EDD300A6A9E2 /* ofTimer.h */,
				E42962FE2163EDD300A6A9E2 /* ofURLFileLoader.cpp */,
				E429630B2163EDD300A6A9E2 /* ofURLFileLoader.h */,
				E429630F2163EDD300A6A9E2 /* ofUtils.cpp */,
				E42963052163EDD300A6A9E2 /* ofUtils.h */,
				E42963102163EDD300A6A9E2 /* ofXml.cpp */,
				E42963002163EDD300A6A9E2 /* ofXml.h */,
			);
			name = utils;
			path = ../../../../libs/openFrameworks/utils;
			sourceTree = SOURCE_ROOT;
		};
		E42963132163EDD300A6A9E2 /* math */ = {
			isa = PBXGroup;
			children = (
				E42963172163EDD300A6A9E2 /* ofMath.cpp */,
				E429631C2163EDD300A6A9E2 /* ofMath.h */,
				E42963182163EDD300A6A9E2 /* ofMathConstants.h */,
				E429631B2163EDD300A6A9E2 /* ofMatrix3x3.cpp */,
				E42963222163EDD300A6A9E2 /* ofMatrix3x3.h */,
				E42963212163EDD300A6A9E2 /* ofMatrix4x4.cpp */,
				E42963192163EDD300A6A9E2 /* ofMatrix4x4.h */,
				E429631F2163EDD300A6A9E2 /* ofQuaternion.cpp */,
				E429631D2163EDD300A6A9E2 /* ofQuaternion.h */,
				E42963142163EDD300A6A9E2 /* ofVec2f.cpp */,
				E42963202163EDD300A6A9E2 /* ofVec2f.h */,
				E429631A2163EDD300A6A9E2 /* ofVec3f.h */,
				E42963152163EDD300A6A9E2 /* ofVec4f.cpp */,
				E42963162163EDD300A6A9E2 /* ofVec4f.h */,
				E429631E2163EDD300A6A9E2 /* ofVectorMath.h */,
			);
			name = math;
			path = ../../../../libs/openFrameworks/math;
			sourceTree = SOURCE_ROOT;
		};
		E42963252163EDD300A6A9E2 /* gl */ = {
			isa = PBXGroup;
			children = (
				E429632E2163EDD300A6A9E2 /* ofBufferObject.cpp */,
				E42963332163EDD300A6A9E2 /* ofBufferObject.h */,
				E429632A2163EDD300A6A9E2 /* ofFbo.cpp */,
				E42963382163EDD300A6A9E2 /* ofFbo.h */,
				E42963392163EDD300A6A9E2 /* ofGLBaseTypes.h */,
				E42963342163EDD300A6A9E2 /* ofGLProgrammableRenderer.cpp */,
				E429633B2163EDD300A6A9E2 /* ofGLProgrammableRenderer.h */,
				E429633E2163EDD300A6A9E2 /* ofGLRenderer.cpp */,
				E429633F2163EDD300A6A9E2 /* ofGLRenderer.h */,
				E42963302163EDD300A6A9E2 /* ofGLUtils.cpp */,
				E429633D2163EDD300A6A9E2 /* ofGLUtils.h */,
				E42963322163EDD300A6A9E2 /* ofLight.cpp */,
				E429632B2163EDD300A6A9E2 /* ofLight.h */,
				E42963292163EDD300A6A9E2 /* ofMaterial.cpp */,
				E429632C2163EDD300A6A9E2 /* ofMaterial.h */,
				E429632D2163EDD300A6A9E2 /* ofShader.cpp */,
				E42963282163EDD300A6A9E2 /* ofShader.h */,
				E429633C2163EDD300A6A9E2 /* ofTexture.cpp */,
				E42963272163EDD300A6A9E2 /* ofTexture.h */,
				E429633A2163EDD300A6A9E2 /* ofVbo.cpp */,
				E42963312163EDD300A6A9E2 /* ofVbo.h */,
				E429632F2163EDD300A6A9E2 /* ofVboMesh.cpp */,
				E42963262163EDD300A6A9E2 /* ofVboMesh.h */,
			);
			name = gl;
			path = ../../../../libs/openFrameworks/gl;
			sourceTree = SOURCE_ROOT;
		};
		E42963402163EDD300A6A9E2 /* communication */ = {
			isa = PBXGroup;
			children = (
				E42963442163EDD300A6A9E2 /* ofArduino.cpp */,
				E42963412163EDD300A6A9E2 /* ofArduino.h */,
				E42963422163EDD300A6A9E2 /* ofSerial.cpp */,
				E42963432163EDD300A6A9E2 /* ofSerial.h */,
			);
			name = communication;
			path = ../../../../libs/openFrameworks/communication;
			sourceTree = SOURCE_ROOT;
		};
		E42963452163EDD300A6A9E2 /* events */ = {
			isa = PBXGroup;
			children = (
				E42963472163EDD300A6A9E2 /* ofEvent.h */,
				E42963492163EDD300A6A9E2 /* ofEvents.cpp */,
				E42963482163EDD300A6A9E2 /* ofEvents.h */,
				E42963462163EDD300A6A9E2 /* ofEventUtils.h */,
			);
			name = events;
			path = ../../../../libs/openFrameworks/events;
			sourceTree = SOURCE_ROOT;
		};
		E429634A2163EDD300A6A9E2 /* graphics */ = {
			isa = PBXGroup;
			children = (
				E42963582163EDD300A6A9E2 /* of3dGraphics.cpp */,
				E42963622163EDD300A6A9E2 /* of3dGraphics.h */,
				E429634D2163EDD300A6A9E2 /* ofBitmapFont.cpp */,
				E429635C2163EDD300A6A9E2 /* ofBitmapFont.h */,
				E42963532163EDD300A6A9E2 /* ofCairoRenderer.cpp */,
				E429635B2163EDD300A6A9E2 /* ofCairoRenderer.h */,
				E42963502163EDD300A6A9E2 /* ofGraphics.cpp */,
				E429635F2163EDD300A6A9E2 /* ofGraphics.h */,
				E42963522163EDD300A6A9E2 /* ofGraphicsBaseTypes.cpp */,
				E429634B2163EDD300A6A9E2 /* ofGraphicsBaseTypes.h */,
				E42963602163EDD300A6A9E2 /* ofGraphicsConstants.h */,
				E42963612163EDD300A6A9E2 /* ofImage.cpp */,
				E42963592163EDD300A6A9E2 /* ofImage.h */,
				E42963552163EDD300A6A9E2 /* ofPath.cpp */,
				E429634C2163EDD300A6A9E2 /* ofPath.h */,
				E42963562163EDD300A6A9E2 /* ofPixels.cpp */,
				E429635A2163EDD300A6A9E2 /* ofPixels.h */,
				E42963512163EDD300A6A9E2 /* ofPolyline.h */,
				E42963572163EDD300A6A9E2 /* ofPolyline.inl */,
				E42963542163EDD300A6A9E2 /* ofRendererCollection.cpp */,
				E429635E2163EDD300A6A9E2 /* ofRendererCollection.h */,
				E429634F2163EDD300A6A9E2 /* ofTessellator.cpp */,
				E42963632163EDD300A6A9E2 /* ofTessellator.h */,
				E429635D2163EDD300A6A9E2 /* ofTrueTypeFont.cpp */,
				E429634E2163EDD300A6A9E2 /* ofTrueTypeFont.h */,
			);
			name = graphics;
			path = ../../../../libs/openFrameworks/graphics;
			sourceTree = SOURCE_ROOT;
		};
		E42963642163EDD300A6A9E2 /* sound */ = {
			isa = PBXGroup;
			children = (
				E429636A2163EDD300A6A9E2 /* ofFmodSoundPlayer.cpp */,
				E42963712163EDD300A6A9E2 /* ofFmodSoundPlayer.h */,
				E429636C2163EDD300A6A9E2 /* ofOpenALSoundPlayer.cpp */,
				E42963682163EDD300A6A9E2 /* ofOpenALSoundPlayer.h */,
				E42963692163EDD300A6A9E2 /* ofRtAudioSoundStream.cpp */,
				E429636E2163EDD300A6A9E2 /* ofRtAudioSoundStream.h */,
				E429636B2163EDD300A6A9E2 /* ofSoundBaseTypes.cpp */,
				E42963732163EDD300A6A9E2 /* ofSoundBaseTypes.h */,
				E42963722163EDD300A6A9E2 /* ofSoundBuffer.cpp */,
				E42963702163EDD300A6A9E2 /* ofSoundBuffer.h */,
				E429636D2163EDD300A6A9E2 /* ofSoundPlayer.cpp */,
				E42963672163EDD300A6A9E2 /* ofSoundPlayer.h */,
				E42963652163EDD300A6A9E2 /* ofSoundStream.cpp */,
				E42963662163EDD300A6A9E2 /* ofSoundStream.h */,
				E429636F2163EDD300A6A9E2 /* ofSoundUtils.h */,
			);
			name = sound;
			path = ../../../../libs/openFrameworks/sound;
			sourceTree = SOURCE_ROOT;
		};
		E4B69B4A0A3A1720003C02F2 = {
			isa = PBXGroup;
			children = (
				E4B6FCAD0C3E899E008CF71C /* openFrameworks-Info.plist */,
				E4EB6923138AFD0F00A09F29 /* Project.xcconfig */,
				E4B69E1C0A3A1BDC003C02F2 /* src */,
				E42962AA2163EDD300A6A9E2 /* openFrameworks */,
				BB4B014C10F69532006C3DED /* addons */,
				6948EE371B920CB800B5AC1A /* local_addons */,
				E4B69B5B0A3A1756003C02F2 /* gridExampleDebug.app */,
			);
			sourceTree = "<group>";
		};
		E4B69E1C0A3A1BDC003C02F2 /* src */ = {
			isa = PBXGroup;
			children = (
				E4B69E1D0A3A1BDC003C02F2 /* main.cpp */,
				5E40FF6F0A017C9E3805D91B /* emptyApp.cpp */,
				E4E05CA9020DC4A56F76B138 /* emptyApp.h */,
				B47CF9AFCBA5AECF14B949A2 /* myGrid.cpp */,
				7F6E404548467047B94FC7D6 /* myGrid.h */,
			);
			path = src;
			sourceTree = SOURCE_ROOT;
		};
/* End PBXGroup section */

/* Begin PBXNativeTarget section */
		E4B69B5A0A3A1756003C02F2 /* gridExample */ = {
			isa = PBXNativeTarget;
			buildConfigurationList = E4B69B5F0A3A1757003C02F2 /* Build configuration list for PBXNativeTarget "gridExample" */;
			buildPhases = (
				E42962A92163ECCD00A6A9E2 /* ShellScript */,
				E4B69B580A3A1756003C02F2 /* Sources */,
				E4B69B590A3A1756003C02F2 /* Frameworks */,
				E4B6FFFD0C3F9AB9008CF71C /* ShellScript */,
				E4C2427710CC5ABF004149E2 /* CopyFiles */,
				8466F1851C04CA0E00918B1C /* ShellScript */,
			);
			buildRules = (
			);
			dependencies = (
			);
			name = gridExample;
			productName = myOFApp;
			productReference = E4B69B5B0A3A1756003C02F2 /* gridExampleDebug.app */;
			productType = "com.apple.product-type.application";
		};
/* End PBXNativeTarget section */

/* Begin PBXProject section */
		E4B69B4C0A3A1720003C02F2 /* Project object */ = {
			isa = PBXProject;
			attributes = {
				LastUpgradeCheck = 0600;
			};
			buildConfigurationList = E4B69B4D0A3A1720003C02F2 /* Build configuration list for PBXProject "gridExample" */;
			compatibilityVersion = "Xcode 3.2";
			developmentRegion = English;
			hasScannedForEncodings = 0;
			knownRegions = (
				English,
				Japanese,
				French,
				German,
			);
			mainGroup = E4B69B4A0A3A1720003C02F2;
			productRefGroup = E4B69B4A0A3A1720003C02F2;
			projectDirPath = "";
			projectRoot = "";
			targets = (
				E4B69B5A0A3A1756003C02F2 /* gridExample */,
			);
		};
/* End PBXProject section */

/* Begin PBXShellScriptBuildPhase section */
		8466F1851C04CA0E00918B1C /* ShellScript */ = {
			isa = PBXShellScriptBuildPhase;
			buildActionMask = 12;
			files = (
			);
			inputPaths = (
			);
			outputPaths = (
			);
			runOnlyForDeploymentPostprocessing = 0;
			shellPath = /bin/sh;
			shellScript = "echo \"$GCC_PREPROCESSOR_DEFINITIONS\";\nAPPSTORE=`expr \"$GCC_PREPROCESSOR_DEFINITIONS\" : \".*APPSTORE=\\([0-9]*\\)\"`\nif [ -z \"$APPSTORE\" ] ; then\necho \"Note: Not copying bin/data to App Package or doing App Code signing. Use AppStore target for AppStore distribution\";\nelse\n# Copy bin/data into App/Resources\nrsync -avz --exclude='.DS_Store' \"${SRCROOT}/bin/data/\" \"${TARGET_BUILD_DIR}/${UNLOCALIZED_RESOURCES_FOLDER_PATH}/data/\"\n\n# Strip 32bit from fmod dylib\nlipo -remove i386 \"${TARGET_BUILD_DIR}/${PRODUCT_NAME}.app/Contents/Frameworks/libfmodex.dylib\" -o \"${TARGET_BUILD_DIR}/${PRODUCT_NAME}.app/Contents/Frameworks/libfmodex.dylib\" \n\n# ---- Code Sign App Package ----\n\n# WARNING: You may have to run Clean in Xcode after changing CODE_SIGN_IDENTITY!\n\n# Verify that $CODE_SIGN_IDENTITY is set\nif [ -z \"${CODE_SIGN_IDENTITY}\" ] ; then\necho \"CODE_SIGN_IDENTITY needs to be set for framework code-signing\"\nexit 0\nfi\n\nif [ -z \"${CODE_SIGN_ENTITLEMENTS}\" ] ; then\necho \"CODE_SIGN_ENTITLEMENTS needs to be set for framework code-signing!\"\n\nif [ \"${CONFIGURATION}\" = \"Release\" ] ; then\nexit 1\nelse\n# Code-signing is optional for non-release builds.\nexit 0\nfi\nfi\n\nITEMS=\"\"\n\nFRAMEWORKS_DIR=\"${TARGET_BUILD_DIR}/${FRAMEWORKS_FOLDER_PATH}\"\necho \"$FRAMEWORKS_DIR\"\nif [ -d \"$FRAMEWORKS_DIR\" ] ; then\nFRAMEWORKS=$(find \"${FRAMEWORKS_DIR}\" -depth -type d -name \"*.framework\" -or -name \"*.dylib\" -or -name \"*.bundle\" | sed -e \"s/\\(.*framework\\)/\\1\\/Versions\\/A\\//\")\nRESULT=$?\nif [[ $RESULT != 0 ]] ; then\nexit 1\nfi\n\nITEMS=\"${FRAMEWORKS}\"\nfi\n\nLOGINITEMS_DIR=\"${TARGET_BUILD_DIR}/${CONTENTS_FOLDER_PATH}/Library/LoginItems/\"\nif [ -d \"$LOGINITEMS_DIR\" ] ; then\nLOGINITEMS=$(find \"${LOGINITEMS_DIR}\" -depth -type d -name \"*.app\")\nRESULT=$?\nif [[ $RESULT != 0 ]] ; then\nexit 1\nfi\n\nITEMS=\"${ITEMS}\"$'\\n'\"${LOGINITEMS}\"\nfi\n\n# Prefer the expanded name, if available.\nCODE_SIGN_IDENTITY_FOR_ITEMS=\"${EXPANDED_CODE_SIGN_IDENTITY_NAME}\"\nif [ \"${CODE_SIGN_IDENTITY_FOR_ITEMS}\" = \"\" ] ; then\n# Fall back to old behavior.\nCODE_SIGN_IDENTITY_FOR_ITEMS=\"${CODE_SIGN_IDENTITY}\"\nfi\n\necho \"Identity:\"\necho \"${CODE_SIGN_IDENTITY_FOR_ITEMS}\"\n\necho \"Entitlements:\"\necho \"${CODE_SIGN_ENTITLEMENTS}\"\n\necho \"Found:\"\necho \"${ITEMS}\"\n\n# Change the Internal Field Separator (IFS) so that spaces in paths will not cause problems below.\nSAVED_IFS=$IFS\nIFS=$(echo -en \"\\n\\b\")\n\n# Loop through all items.\nfor ITEM in $ITEMS;\ndo\necho \"Stripping invalid archs '${ITEM}'\"\nlipo -remove i386 \"${ITEM}\" -o \"${ITEM}\"\necho \"Signing '${ITEM}'\"\ncodesign --force --verbose --sign \"${CODE_SIGN_IDENTITY_FOR_ITEMS}\" --entitlements \"${CODE_SIGN_ENTITLEMENTS}\" \"${ITEM}\"\nRESULT=$?\nif [[ $RESULT != 0 ]] ; then\necho \"Failed to sign '${ITEM}'.\"\nIFS=$SAVED_IFS\nexit 1\nfi\ndone\n\n# Restore $IFS.\nIFS=$SAVED_IFS\n\nfi\n";
		};
		E42962A92163ECCD00A6A9E2 /* ShellScript */ = {
			isa = PBXShellScriptBuildPhase;
			buildActionMask = 2147483647;
			files = (
			);
			inputPaths = (
			);
			outputPaths = (
			);
			runOnlyForDeploymentPostprocessing = 0;
			shellPath = /bin/sh;
			shellScript = "xcodebuild -project \"$OF_PATH/libs/openFrameworksCompiled/project/osx/openFrameworksLib.xcodeproj\" -target openFrameworks -configuration \"${CONFIGURATION}\"";
		};
		E4B6FFFD0C3F9AB9008CF71C /* ShellScript */ = {
			isa = PBXShellScriptBuildPhase;
			buildActionMask = 2147483647;
			files = (
			);
			inputPaths = (
			);
			outputPaths = (
			);
			runOnlyForDeploymentPostprocessing = 0;
			shellPath = /bin/sh;
			shellScript = "mkdir -p \"$TARGET_BUILD_DIR/$PRODUCT_NAME.app/Contents/Resources/\"\n# Copy default icon file into App/Resources\nrsync -aved \"$ICON_FILE\" \"$TARGET_BUILD_DIR/$PRODUCT_NAME.app/Contents/Resources/\"\n# Copy libfmod and change install directory for fmod to run\nrsync -aved \"$OF_PATH/libs/fmodex/lib/osx/libfmodex.dylib\" \"$TARGET_BUILD_DIR/$PRODUCT_NAME.app/Contents/Frameworks/\";\ninstall_name_tool -change @executable_path/libfmodex.dylib @executable_path/../Frameworks/libfmodex.dylib \"$TARGET_BUILD_DIR/$PRODUCT_NAME.app/Contents/MacOS/$PRODUCT_NAME\";\n\necho \"$GCC_PREPROCESSOR_DEFINITIONS\";\n";
		};
/* End PBXShellScriptBuildPhase section */

/* Begin PBXSourcesBuildPhase section */
		E4B69B580A3A1756003C02F2 /* Sources */ = {
			isa = PBXSourcesBuildPhase;
			buildActionMask = 2147483647;
			files = (
				E4B69E200A3A1BDC003C02F2 /* main.cpp in Sources */,
				1C2B07AC4DA9F3A0EC64F202 /* emptyApp.cpp in Sources */,
				221B029F063CA0CA3B5BFA4D /* myGrid.cpp in Sources */,
				21DAD12BABF8B9E239830BB4 /* ofxAVFVideoPlayer.mm in Sources */,
				91B593777257DB70E164FF45 /* ofxAVFVideoRenderer.m in Sources */,
				0582076D75617CEFE6DA8FA7 /* ofxAnimation.cpp in Sources */,
				0C37599CCC1E63C7BE2E2105 /* ofxArcObject.cpp in Sources */,
				96CAC5B63BE24884A7650D51 /* ofxCircleObject.cpp in Sources */,
				61C270E06409BB631149E898 /* ofxDynamicPolygonObject.cpp in Sources */,
				8947BB2A7B0ED26558985B9E /* ofxFboObject.cpp in Sources */,
				A5246968290699ED6AF4B3D5 /* ofxGridSystem.cpp in Sources */,
				45F62755794E24120E98A392 /* ofxImageObject.cpp in Sources */,
				026CF86B8E5DE58987E03F04 /* ofxLetterTextObject.cpp in Sources */,
				C5011EF6997C1099FC26CC1B /* ofxLineSegmentObject.cpp in Sources */,
				6720CB17BB1F777BD86119BD /* ofxLineStripObject.cpp in Sources */,
				9A596E0751B532824F345053 /* ofxMessage.cpp in Sources */,
				B87D5591C5CDABB37D6695BD /* ofxObject.cpp in Sources */,
				646E94320D0CAE07B2781DEA /* ofxPolygonObject.cpp in Sources */,
				B8EB0219666AA8FFB95857FE /* ofxQuadStripObject.cpp in Sources */,
				705C1D079461CD39C68403C9 /* ofxRectangleObject.cpp in Sources */,
				99092BF9204CB9B8061311F8 /* ofxRoundedArcObject.cpp in Sources */,
				B7D9CC22C351CF45AC9C5C95 /* ofxScene.cpp in Sources */,
				536FB248FF2F7E406A0BB739 /* ofxScroller.cpp in Sources */,
				8F9FB5420679D5365862DAAC /* ofxSosoRenderer.cpp in Sources */,
				DECE37CB3668FCE5D210E34A /* ofxSosoTrueTypeFont.cpp in Sources */,
				B0CEF4C0826C2090ECF04681 /* ofxStateMachine.cpp in Sources */,
				597431DB068704AD793C0905 /* ofxTextObject.cpp in Sources */,
				68FBC9C1A8949F60A46F3944 /* ofxTextureObject.cpp in Sources */,
				2B052435E993A39D37D8A86A /* ofxVideoPlayerObject.cpp in Sources */,
			);
			runOnlyForDeploymentPostprocessing = 0;
		};
/* End PBXSourcesBuildPhase section */

/* Begin XCBuildConfiguration section */
		99FA3DBB1C7456C400CFA0EE /* AppStore */ = {
			isa = XCBuildConfiguration;
			baseConfigurationReference = E4EB6923138AFD0F00A09F29 /* Project.xcconfig */;
			buildSettings = {
				CONFIGURATION_BUILD_DIR = "$(SRCROOT)/bin/";
				COPY_PHASE_STRIP = YES;
				DEAD_CODE_STRIPPING = YES;
				GCC_AUTO_VECTORIZATION = YES;
				GCC_ENABLE_SSE3_EXTENSIONS = YES;
				GCC_ENABLE_SUPPLEMENTAL_SSE3_INSTRUCTIONS = YES;
				GCC_INLINES_ARE_PRIVATE_EXTERN = NO;
				GCC_OPTIMIZATION_LEVEL = 3;
				"GCC_PREPROCESSOR_DEFINITIONS[arch=*]" = "DISTRIBUTION=1";
				GCC_SYMBOLS_PRIVATE_EXTERN = NO;
				GCC_UNROLL_LOOPS = YES;
				GCC_WARN_ABOUT_DEPRECATED_FUNCTIONS = YES;
				GCC_WARN_ABOUT_INVALID_OFFSETOF_MACRO = NO;
				GCC_WARN_ALLOW_INCOMPLETE_PROTOCOL = NO;
				GCC_WARN_UNINITIALIZED_AUTOS = NO;
				GCC_WARN_UNUSED_VALUE = NO;
				GCC_WARN_UNUSED_VARIABLE = NO;
				HEADER_SEARCH_PATHS = (
					"$(OF_CORE_HEADERS)",
					src,
					src,
					../../../../addons/ofxAVFVideoPlayer/src,
					../../../../addons/ofxSoso/src,
				);
				MACOSX_DEPLOYMENT_TARGET = 10.13;
				OTHER_CODE_SIGN_FLAGS = "--deep";
				OTHER_CPLUSPLUSFLAGS = (
					"-D__MACOSX_CORE__",
					"-mtune=native",
				);
				SDKROOT = macosx;
			};
			name = AppStore;
		};
		99FA3DBC1C7456C400CFA0EE /* AppStore */ = {
			isa = XCBuildConfiguration;
			baseConfigurationReference = E4EB6923138AFD0F00A09F29 /* Project.xcconfig */;
			buildSettings = {
				COMBINE_HIDPI_IMAGES = YES;
				COPY_PHASE_STRIP = YES;
				FRAMEWORK_SEARCH_PATHS = "$(inherited)";
				GCC_GENERATE_DEBUGGING_SYMBOLS = YES;
				GCC_MODEL_TUNING = NONE;
				"GCC_PREPROCESSOR_DEFINITIONS[arch=*]" = "APPSTORE=1";
				HEADER_SEARCH_PATHS = (
					"$(OF_CORE_HEADERS)",
					src,
					src,
					../../../../addons/ofxAVFVideoPlayer/src,
					../../../../addons/ofxSoso/src,
				);
				ICON = "$(ICON_NAME_RELEASE)";
				ICON_FILE = "$(ICON_FILE_PATH)$(ICON)";
				INFOPLIST_FILE = "openFrameworks-Info.plist";
				INSTALL_PATH = /Applications;
				LIBRARY_SEARCH_PATHS = "$(inherited)";
				OTHER_LDFLAGS = (
					"$(OF_CORE_LIBS)",
					"$(OF_CORE_FRAMEWORKS)",
					"$(LIB_OF)",
				);
				PRODUCT_NAME = "$(TARGET_NAME)";
				WRAPPER_EXTENSION = app;
				baseConfigurationReference = E4EB6923138AFD0F00A09F29;
			};
			name = AppStore;
		};
		E4B69B4E0A3A1720003C02F2 /* Debug */ = {
			isa = XCBuildConfiguration;
			baseConfigurationReference = E4EB6923138AFD0F00A09F29 /* Project.xcconfig */;
			buildSettings = {
				CONFIGURATION_BUILD_DIR = "$(SRCROOT)/bin/";
				COPY_PHASE_STRIP = NO;
				DEAD_CODE_STRIPPING = YES;
				GCC_AUTO_VECTORIZATION = YES;
				GCC_ENABLE_SSE3_EXTENSIONS = YES;
				GCC_ENABLE_SUPPLEMENTAL_SSE3_INSTRUCTIONS = YES;
				GCC_INLINES_ARE_PRIVATE_EXTERN = NO;
				GCC_OPTIMIZATION_LEVEL = 0;
				GCC_SYMBOLS_PRIVATE_EXTERN = NO;
				GCC_WARN_ABOUT_DEPRECATED_FUNCTIONS = YES;
				GCC_WARN_ABOUT_INVALID_OFFSETOF_MACRO = NO;
				GCC_WARN_ALLOW_INCOMPLETE_PROTOCOL = NO;
				GCC_WARN_UNINITIALIZED_AUTOS = NO;
				GCC_WARN_UNUSED_VALUE = NO;
				GCC_WARN_UNUSED_VARIABLE = NO;
				HEADER_SEARCH_PATHS = (
					"$(OF_CORE_HEADERS)",
					src,
					src,
					../../../../addons/ofxAVFVideoPlayer/src,
					../../../../addons/ofxSoso/src,
				);
				MACOSX_DEPLOYMENT_TARGET = 10.13;
				ONLY_ACTIVE_ARCH = YES;
				OTHER_CODE_SIGN_FLAGS = "--deep";
				OTHER_CPLUSPLUSFLAGS = (
					"-D__MACOSX_CORE__",
					"-mtune=native",
				);
				SDKROOT = macosx;
			};
			name = Debug;
		};
		E4B69B4F0A3A1720003C02F2 /* Release */ = {
			isa = XCBuildConfiguration;
			baseConfigurationReference = E4EB6923138AFD0F00A09F29 /* Project.xcconfig */;
			buildSettings = {
				CONFIGURATION_BUILD_DIR = "$(SRCROOT)/bin/";
				COPY_PHASE_STRIP = YES;
				DEAD_CODE_STRIPPING = YES;
				GCC_AUTO_VECTORIZATION = YES;
				GCC_ENABLE_SSE3_EXTENSIONS = YES;
				GCC_ENABLE_SUPPLEMENTAL_SSE3_INSTRUCTIONS = YES;
				GCC_INLINES_ARE_PRIVATE_EXTERN = NO;
				GCC_OPTIMIZATION_LEVEL = 3;
				GCC_SYMBOLS_PRIVATE_EXTERN = NO;
				GCC_UNROLL_LOOPS = YES;
				GCC_WARN_ABOUT_DEPRECATED_FUNCTIONS = YES;
				GCC_WARN_ABOUT_INVALID_OFFSETOF_MACRO = NO;
				GCC_WARN_ALLOW_INCOMPLETE_PROTOCOL = NO;
				GCC_WARN_UNINITIALIZED_AUTOS = NO;
				GCC_WARN_UNUSED_VALUE = NO;
				GCC_WARN_UNUSED_VARIABLE = NO;
				HEADER_SEARCH_PATHS = (
					"$(OF_CORE_HEADERS)",
					src,
					src,
					../../../../addons/ofxAVFVideoPlayer/src,
					../../../../addons/ofxSoso/src,
				);
				MACOSX_DEPLOYMENT_TARGET = 10.13;
				OTHER_CODE_SIGN_FLAGS = "--deep";
				OTHER_CPLUSPLUSFLAGS = (
					"-D__MACOSX_CORE__",
					"-mtune=native",
				);
				SDKROOT = macosx;
			};
			name = Release;
		};
		E4B69B600A3A1757003C02F2 /* Debug */ = {
			isa = XCBuildConfiguration;
			baseConfigurationReference = E4EB6923138AFD0F00A09F29 /* Project.xcconfig */;
			buildSettings = {
				COMBINE_HIDPI_IMAGES = YES;
				COPY_PHASE_STRIP = NO;
				FRAMEWORK_SEARCH_PATHS = "$(inherited)";
				GCC_DYNAMIC_NO_PIC = NO;
				GCC_GENERATE_DEBUGGING_SYMBOLS = YES;
				GCC_MODEL_TUNING = NONE;
				HEADER_SEARCH_PATHS = (
					"$(OF_CORE_HEADERS)",
					src,
					src,
					../../../../addons/ofxAVFVideoPlayer/src,
					../../../../addons/ofxSoso/src,
				);
				ICON = "$(ICON_NAME_DEBUG)";
				ICON_FILE = "$(ICON_FILE_PATH)$(ICON)";
				INFOPLIST_FILE = "openFrameworks-Info.plist";
				INSTALL_PATH = /Applications;
				LIBRARY_SEARCH_PATHS = "$(inherited)";
				OTHER_LDFLAGS = (
					"$(OF_CORE_LIBS)",
					"$(OF_CORE_FRAMEWORKS)",
					"$(LIB_OF_DEBUG)",
				);
				PRODUCT_NAME = "$(TARGET_NAME)Debug";
				WRAPPER_EXTENSION = app;
			};
			name = Debug;
		};
		E4B69B610A3A1757003C02F2 /* Release */ = {
			isa = XCBuildConfiguration;
			baseConfigurationReference = E4EB6923138AFD0F00A09F29 /* Project.xcconfig */;
			buildSettings = {
				COMBINE_HIDPI_IMAGES = YES;
				COPY_PHASE_STRIP = YES;
				FRAMEWORK_SEARCH_PATHS = "$(inherited)";
				GCC_GENERATE_DEBUGGING_SYMBOLS = YES;
				GCC_MODEL_TUNING = NONE;
				HEADER_SEARCH_PATHS = (
					"$(OF_CORE_HEADERS)",
					src,
					src,
					../../../../addons/ofxAVFVideoPlayer/src,
					../../../../addons/ofxSoso/src,
				);
				ICON = "$(ICON_NAME_RELEASE)";
				ICON_FILE = "$(ICON_FILE_PATH)$(ICON)";
				INFOPLIST_FILE = "openFrameworks-Info.plist";
				INSTALL_PATH = /Applications;
				LIBRARY_SEARCH_PATHS = "$(inherited)";
				OTHER_LDFLAGS = (
					"$(OF_CORE_LIBS)",
					"$(OF_CORE_FRAMEWORKS)",
					"$(LIB_OF)",
				);
				PRODUCT_NAME = "$(TARGET_NAME)";
				WRAPPER_EXTENSION = app;
				baseConfigurationReference = E4EB6923138AFD0F00A09F29;
			};
			name = Release;
		};
/* End XCBuildConfiguration section */

/* Begin XCConfigurationList section */
		E4B69B4D0A3A1720003C02F2 /* Build configuration list for PBXProject "gridExample" */ = {
			isa = XCConfigurationList;
			buildConfigurations = (
				E4B69B4E0A3A1720003C02F2 /* Debug */,
				E4B69B4F0A3A1720003C02F2 /* Release */,
				99FA3DBB1C7456C400CFA0EE /* AppStore */,
			);
			defaultConfigurationIsVisible = 0;
			defaultConfigurationName = Release;
		};
		E4B69B5F0A3A1757003C02F2 /* Build configuration list for PBXNativeTarget "gridExample" */ = {
			isa = XCConfigurationList;
			buildConfigurations = (
				E4B69B600A3A1757003C02F2 /* Debug */,
				E4B69B610A3A1757003C02F2 /* Release */,
				99FA3DBC1C7456C400CFA0EE /* AppStore */,
			);
			defaultConfigurationIsVisible = 0;
			defaultConfigurationName = Release;
		};
/* End XCConfigurationList section */
	};
	rootObject = E4B69B4C0A3A1720003C02F2 /* Project object */;
}
